// !$*UTF8*$!
{
	archiveVersion = 1;
	classes = {
	};
	objectVersion = 56;
	objects = {

/* Begin PBXBuildFile section */
		181C746D29BDDBEF00E6D3B1 /* AttendeesView.swift in Sources */ = {isa = PBXBuildFile; fileRef = 181C746C29BDDBEF00E6D3B1 /* AttendeesView.swift */; };
		181C746F29BDDEB700E6D3B1 /* ActionMenuButton.swift in Sources */ = {isa = PBXBuildFile; fileRef = 181C746E29BDDEB700E6D3B1 /* ActionMenuButton.swift */; };
		18591C8329BCDB2800FA987D /* ProfileImageView.swift in Sources */ = {isa = PBXBuildFile; fileRef = 18591C8229BCDB2800FA987D /* ProfileImageView.swift */; };
		18591C8529BCDB7700FA987D /* SearchBarView.swift in Sources */ = {isa = PBXBuildFile; fileRef = 18591C8429BCDB7700FA987D /* SearchBarView.swift */; };
		18591C8829BD73FF00FA987D /* User.swift in Sources */ = {isa = PBXBuildFile; fileRef = 18591C8729BD73FF00FA987D /* User.swift */; };
		185CBD0629CC0D87008C3B79 /* FirebaseAnalytics in Frameworks */ = {isa = PBXBuildFile; productRef = D7F6A9BE29C5B55B006FBD26 /* FirebaseAnalytics */; };
		185CBD0729CC0D87008C3B79 /* FirebaseAuth in Frameworks */ = {isa = PBXBuildFile; productRef = D7F6A9C029C5B55B006FBD26 /* FirebaseAuth */; };
		185CBD0829CC0D87008C3B79 /* FirebaseDatabase in Frameworks */ = {isa = PBXBuildFile; productRef = D7F6A9C229C5B55B006FBD26 /* FirebaseDatabase */; };
		185CBD0929CC0D87008C3B79 /* FirebaseFirestore in Frameworks */ = {isa = PBXBuildFile; productRef = D7F6A9C429C5B55B006FBD26 /* FirebaseFirestore */; };
		185CBD0A29CC0D87008C3B79 /* FirebaseMessaging in Frameworks */ = {isa = PBXBuildFile; productRef = D7F6A9C629C5B55B006FBD26 /* FirebaseMessaging */; };
		185CBD0B29CC0D87008C3B79 /* FirebaseStorage in Frameworks */ = {isa = PBXBuildFile; productRef = D7F6A9C829C5B55B006FBD26 /* FirebaseStorage */; };
		185CBD0E29CC0FE6008C3B79 /* FriendsLocationViewModel.swift in Sources */ = {isa = PBXBuildFile; fileRef = 185CBD0D29CC0FE6008C3B79 /* FriendsLocationViewModel.swift */; };
		1866DE5E29B993E3005D9F59 /* SotravelApp.swift in Sources */ = {isa = PBXBuildFile; fileRef = 1866DE5D29B993E3005D9F59 /* SotravelApp.swift */; };
		1866DE6029B993E3005D9F59 /* ContentView.swift in Sources */ = {isa = PBXBuildFile; fileRef = 1866DE5F29B993E3005D9F59 /* ContentView.swift */; };
		1866DE6229B993E5005D9F59 /* Assets.xcassets in Resources */ = {isa = PBXBuildFile; fileRef = 1866DE6129B993E5005D9F59 /* Assets.xcassets */; };
		1866DE6529B993E5005D9F59 /* Preview Assets.xcassets in Resources */ = {isa = PBXBuildFile; fileRef = 1866DE6429B993E5005D9F59 /* Preview Assets.xcassets */; };
		188061A129C05DBE004FB831 /* EventStatusButton.swift in Sources */ = {isa = PBXBuildFile; fileRef = 188061A029C05DBE004FB831 /* EventStatusButton.swift */; };
		18898CAD29CC41BF00FFD991 /* UserAnnotationView.swift in Sources */ = {isa = PBXBuildFile; fileRef = 18898CAC29CC41BF00FFD991 /* UserAnnotationView.swift */; };
		188C147529CDA3A600531F9F /* LabelledToggleView.swift in Sources */ = {isa = PBXBuildFile; fileRef = 188C147429CDA3A600531F9F /* LabelledToggleView.swift */; };
		188C147729CDC13500531F9F /* LocationManagerService.swift in Sources */ = {isa = PBXBuildFile; fileRef = 188C147629CDC13500531F9F /* LocationManagerService.swift */; };
		188C147929CDC31100531F9F /* MapRepository.swift in Sources */ = {isa = PBXBuildFile; fileRef = 188C147829CDC31100531F9F /* MapRepository.swift */; };
		188EBDAE29C183E5002735F0 /* EditProfileView.swift in Sources */ = {isa = PBXBuildFile; fileRef = 188EBDAD29C183E5002735F0 /* EditProfileView.swift */; };
		188EBDB129C1AD3E002735F0 /* TripsPageView.swift in Sources */ = {isa = PBXBuildFile; fileRef = 188EBDB029C1AD3E002735F0 /* TripsPageView.swift */; };
		188EBDB329C1B053002735F0 /* Trip.swift in Sources */ = {isa = PBXBuildFile; fileRef = 188EBDB229C1B053002735F0 /* Trip.swift */; };
		188EBDB529C1B08B002735F0 /* URLImageView.swift in Sources */ = {isa = PBXBuildFile; fileRef = 188EBDB429C1B08B002735F0 /* URLImageView.swift */; };
		188EBDB729C1B11F002735F0 /* TripCardView.swift in Sources */ = {isa = PBXBuildFile; fileRef = 188EBDB629C1B11F002735F0 /* TripCardView.swift */; };
		188EBDBB29C1B142002735F0 /* MockTrips.swift in Sources */ = {isa = PBXBuildFile; fileRef = 188EBDBA29C1B142002735F0 /* MockTrips.swift */; };
		188EBDBE29C1B4AC002735F0 /* TripPageView.swift in Sources */ = {isa = PBXBuildFile; fileRef = 188EBDBD29C1B4AC002735F0 /* TripPageView.swift */; };
		1893D29329BF295400B61BC9 /* ChatMessage.swift in Sources */ = {isa = PBXBuildFile; fileRef = 1893D29229BF295400B61BC9 /* ChatMessage.swift */; };
		1893D29529BF2A4E00B61BC9 /* MockChat.swift in Sources */ = {isa = PBXBuildFile; fileRef = 1893D29429BF2A4E00B61BC9 /* MockChat.swift */; };
		18A1AC5429BB121A0064CF37 /* DateCellView.swift in Sources */ = {isa = PBXBuildFile; fileRef = 18A1AC5329BB121A0064CF37 /* DateCellView.swift */; };
		18A1AC5629BB12940064CF37 /* Calendar.swift in Sources */ = {isa = PBXBuildFile; fileRef = 18A1AC5529BB12940064CF37 /* Calendar.swift */; };
		18A1AC5829BB12B90064CF37 /* Date.swift in Sources */ = {isa = PBXBuildFile; fileRef = 18A1AC5729BB12B90064CF37 /* Date.swift */; };
		18A1AC5A29BB12CB0064CF37 /* DateFormatter.swift in Sources */ = {isa = PBXBuildFile; fileRef = 18A1AC5929BB12CB0064CF37 /* DateFormatter.swift */; };
		18B33DAF29BE06E60036B51E /* CreateInvitePageView.swift in Sources */ = {isa = PBXBuildFile; fileRef = 18B33DAE29BE06E60036B51E /* CreateInvitePageView.swift */; };
		18BE7F2729BDEDBE0035DE2C /* UserHorizontalListView.swift in Sources */ = {isa = PBXBuildFile; fileRef = 18BE7F2629BDEDBE0035DE2C /* UserHorizontalListView.swift */; };
		18C3660429C020D800AF0338 /* Chat.swift in Sources */ = {isa = PBXBuildFile; fileRef = 18C3660329C020D800AF0338 /* Chat.swift */; };
		18C3660629C0227C00AF0338 /* ChatMessageView.swift in Sources */ = {isa = PBXBuildFile; fileRef = 18C3660529C0227C00AF0338 /* ChatMessageView.swift */; };
		18D736A729C03A7C00EB7439 /* KeyboardResponder.swift in Sources */ = {isa = PBXBuildFile; fileRef = 18D736A629C03A7C00EB7439 /* KeyboardResponder.swift */; };
		18D9713329BD74B10064DC2A /* MockUsers.swift in Sources */ = {isa = PBXBuildFile; fileRef = 18D9713229BD74B10064DC2A /* MockUsers.swift */; };
		18D9713529BD7CC90064DC2A /* UserListItemView.swift in Sources */ = {isa = PBXBuildFile; fileRef = 18D9713429BD7CC90064DC2A /* UserListItemView.swift */; };
		18D9713829BD84480064DC2A /* FriendProfilePageView.swift in Sources */ = {isa = PBXBuildFile; fileRef = 18D9713729BD84480064DC2A /* FriendProfilePageView.swift */; };
		18D9713A29BD86330064DC2A /* FriendsListPageView.swift in Sources */ = {isa = PBXBuildFile; fileRef = 18D9713929BD86330064DC2A /* FriendsListPageView.swift */; };
		18D9713E29BD910B0064DC2A /* EventPageView.swift in Sources */ = {isa = PBXBuildFile; fileRef = 18D9713D29BD910B0064DC2A /* EventPageView.swift */; };
		18D9714029BD91B60064DC2A /* Event.swift in Sources */ = {isa = PBXBuildFile; fileRef = 18D9713F29BD91B60064DC2A /* Event.swift */; };
		18D9714229BD93F20064DC2A /* MockEvents.swift in Sources */ = {isa = PBXBuildFile; fileRef = 18D9714129BD93F20064DC2A /* MockEvents.swift */; };
		18D9714429BD9AF80064DC2A /* EventsStore.swift in Sources */ = {isa = PBXBuildFile; fileRef = 18D9714329BD9AF80064DC2A /* EventsStore.swift */; };
		18DEC57729B9A18500B3228A /* Manrope-Bold.ttf in Resources */ = {isa = PBXBuildFile; fileRef = 18DEC57329B9A18500B3228A /* Manrope-Bold.ttf */; };
		18DEC57829B9A18500B3228A /* Manrope-SemiBold.ttf in Resources */ = {isa = PBXBuildFile; fileRef = 18DEC57429B9A18500B3228A /* Manrope-SemiBold.ttf */; };
		18DEC57929B9A18500B3228A /* Manrope-Regular.ttf in Resources */ = {isa = PBXBuildFile; fileRef = 18DEC57529B9A18500B3228A /* Manrope-Regular.ttf */; };
		18DEC57A29B9A18500B3228A /* Manrope-Medium.ttf in Resources */ = {isa = PBXBuildFile; fileRef = 18DEC57629B9A18500B3228A /* Manrope-Medium.ttf */; };
		18DEC57E29B9A29700B3228A /* Font.swift in Sources */ = {isa = PBXBuildFile; fileRef = 18DEC57D29B9A29700B3228A /* Font.swift */; };
		18DEC58029B9A3D600B3228A /* Color.swift in Sources */ = {isa = PBXBuildFile; fileRef = 18DEC57F29B9A3D600B3228A /* Color.swift */; };
		18F72A3829B997F40084B94A /* LoginView.swift in Sources */ = {isa = PBXBuildFile; fileRef = 18F72A3729B997F40084B94A /* LoginView.swift */; };
		AC11B87E29CB0C2500ADE703 /* EventService.swift in Sources */ = {isa = PBXBuildFile; fileRef = AC11B87D29CB0C2500ADE703 /* EventService.swift */; };
		AC18140629C43E1A008D6944 /* UserService.swift in Sources */ = {isa = PBXBuildFile; fileRef = AC18140529C43E1A008D6944 /* UserService.swift */; };
		AC28033229C61CC500687D62 /* ChatsStore.swift in Sources */ = {isa = PBXBuildFile; fileRef = AC28033129C61CC500687D62 /* ChatsStore.swift */; };
		AC28033529C61D6800687D62 /* ChatViewModel.swift in Sources */ = {isa = PBXBuildFile; fileRef = AC28033429C61D6800687D62 /* ChatViewModel.swift */; };
		AC28033729C61D7D00687D62 /* ChatViewModelDelegate.swift in Sources */ = {isa = PBXBuildFile; fileRef = AC28033629C61D7D00687D62 /* ChatViewModelDelegate.swift */; };
		AC32F94929B9EB8C0005F5B9 /* MapView.swift in Sources */ = {isa = PBXBuildFile; fileRef = AC32F94829B9EB8C0005F5B9 /* MapView.swift */; };
		AC32F95329BA02700005F5B9 /* CalendarView.swift in Sources */ = {isa = PBXBuildFile; fileRef = AC32F95229BA02700005F5B9 /* CalendarView.swift */; };
		AC32F95B29BA11B20005F5B9 /* EventView.swift in Sources */ = {isa = PBXBuildFile; fileRef = AC32F95A29BA11B20005F5B9 /* EventView.swift */; };
		AC32F95D29BA1A260005F5B9 /* InvitePageView.swift in Sources */ = {isa = PBXBuildFile; fileRef = AC32F95C29BA1A260005F5B9 /* InvitePageView.swift */; };
		AC32F96029BA2A930005F5B9 /* ChatPageView.swift in Sources */ = {isa = PBXBuildFile; fileRef = AC32F95F29BA2A930005F5B9 /* ChatPageView.swift */; };
		AC32F96229BA2AD90005F5B9 /* ChatPageCellView.swift in Sources */ = {isa = PBXBuildFile; fileRef = AC32F96129BA2AD90005F5B9 /* ChatPageCellView.swift */; };
		AC32F96529BA33440005F5B9 /* ProfileHeaderView.swift in Sources */ = {isa = PBXBuildFile; fileRef = AC32F96429BA33440005F5B9 /* ProfileHeaderView.swift */; };
		AC32F96B29BA38CE0005F5B9 /* ProfilePageView.swift in Sources */ = {isa = PBXBuildFile; fileRef = AC32F96A29BA38CE0005F5B9 /* ProfilePageView.swift */; };
		AC32F96D29BA3DBB0005F5B9 /* MapPageView.swift in Sources */ = {isa = PBXBuildFile; fileRef = AC32F96C29BA3DBB0005F5B9 /* MapPageView.swift */; };
		AC63059C29BDA34F00EEEA85 /* ChatView.swift in Sources */ = {isa = PBXBuildFile; fileRef = AC63059B29BDA34F00EEEA85 /* ChatView.swift */; };
		AC63059E29BDA43F00EEEA85 /* ChatHeaderView.swift in Sources */ = {isa = PBXBuildFile; fileRef = AC63059D29BDA43F00EEEA85 /* ChatHeaderView.swift */; };
		AC6305A229BDA6E600EEEA85 /* ChatCellView.swift in Sources */ = {isa = PBXBuildFile; fileRef = AC6305A129BDA6E600EEEA85 /* ChatCellView.swift */; };
		AC6305A429BDC51500EEEA85 /* SocialMediaLinksView.swift in Sources */ = {isa = PBXBuildFile; fileRef = AC6305A329BDC51500EEEA85 /* SocialMediaLinksView.swift */; };
		AC6305A629BDC60300EEEA85 /* RecentActivityView.swift in Sources */ = {isa = PBXBuildFile; fileRef = AC6305A529BDC60300EEEA85 /* RecentActivityView.swift */; };
		AC75222929BCBF8100E7C6E7 /* ProfileFriendsView.swift in Sources */ = {isa = PBXBuildFile; fileRef = AC75222829BCBF8100E7C6E7 /* ProfileFriendsView.swift */; };
		ACA4016329C765DC0076E183 /* ProfileHeaderViewModel.swift in Sources */ = {isa = PBXBuildFile; fileRef = ACA4016229C765DC0076E183 /* ProfileHeaderViewModel.swift */; };
		ACA4016529C7664D0076E183 /* SocialMediaLinksViewModel.swift in Sources */ = {isa = PBXBuildFile; fileRef = ACA4016429C7664D0076E183 /* SocialMediaLinksViewModel.swift */; };
		ACA4016729C768B60076E183 /* ProfileFriendsViewModel.swift in Sources */ = {isa = PBXBuildFile; fileRef = ACA4016629C768B60076E183 /* ProfileFriendsViewModel.swift */; };
		ACA4016929C769A70076E183 /* EditProfileViewModel.swift in Sources */ = {isa = PBXBuildFile; fileRef = ACA4016829C769A70076E183 /* EditProfileViewModel.swift */; };
		ACF2B20129CD8B620017A9F0 /* CreateInvitePageUserViewModel.swift in Sources */ = {isa = PBXBuildFile; fileRef = ACF2B20029CD8B620017A9F0 /* CreateInvitePageUserViewModel.swift */; };
		ACF2B20329CD8BAA0017A9F0 /* EventPageUserViewModel.swift in Sources */ = {isa = PBXBuildFile; fileRef = ACF2B20229CD8BAA0017A9F0 /* EventPageUserViewModel.swift */; };
		ACF2B20529CDB4DB0017A9F0 /* EventViewModel.swift in Sources */ = {isa = PBXBuildFile; fileRef = ACF2B20429CDB4DB0017A9F0 /* EventViewModel.swift */; };
		B43AFA5729CA06BD0029AB85 /* RestApi.swift in Sources */ = {isa = PBXBuildFile; fileRef = B43AFA5629CA06BD0029AB85 /* RestApi.swift */; };
		B43AFA6029CA0C390029AB85 /* AppDelegate+Injection.swif.swift in Sources */ = {isa = PBXBuildFile; fileRef = B43AFA5F29CA0C390029AB85 /* AppDelegate+Injection.swif.swift */; };
		B43AFA6B29CA0E230029AB85 /* Resolver in Frameworks */ = {isa = PBXBuildFile; productRef = B43AFA6A29CA0E230029AB85 /* Resolver */; };
		B43AFA6D29CA0E9F0029AB85 /* Repositories+Injection.swift in Sources */ = {isa = PBXBuildFile; fileRef = B43AFA6C29CA0E9F0029AB85 /* Repositories+Injection.swift */; };
		B44CB22B29C03954007588DC /* MainRepository.swift in Sources */ = {isa = PBXBuildFile; fileRef = B44CB22A29C03954007588DC /* MainRepository.swift */; };
		B46B0A6F29CCA9A2006F2BA2 /* UpdateUserApiModel.swift in Sources */ = {isa = PBXBuildFile; fileRef = B46B0A6E29CCA9A2006F2BA2 /* UpdateUserApiModel.swift */; };
		B46B0A7129CCB148006F2BA2 /* Encodable+Subscriptable.swift in Sources */ = {isa = PBXBuildFile; fileRef = B46B0A7029CCB148006F2BA2 /* Encodable+Subscriptable.swift */; };
		B46B0A8129CEC6B4006F2BA2 /* MapViewModel.swift in Sources */ = {isa = PBXBuildFile; fileRef = B46B0A8029CEC6B4006F2BA2 /* MapViewModel.swift */; };
		B4C3536129C0A5BE0073931C /* FriendRepository.swift in Sources */ = {isa = PBXBuildFile; fileRef = B4C3536029C0A5BE0073931C /* FriendRepository.swift */; };
		B4C3536329C0A5D30073931C /* TripRepository.swift in Sources */ = {isa = PBXBuildFile; fileRef = B4C3536229C0A5D30073931C /* TripRepository.swift */; };
		B4C3536529C0A64A0073931C /* EventRepository.swift in Sources */ = {isa = PBXBuildFile; fileRef = B4C3536429C0A64A0073931C /* EventRepository.swift */; };
		B4C3536829C0A7160073931C /* ChatRepository.swift in Sources */ = {isa = PBXBuildFile; fileRef = B4C3536729C0A7160073931C /* ChatRepository.swift */; };
		B4C3536A29C0A7460073931C /* UserRepository.swift in Sources */ = {isa = PBXBuildFile; fileRef = B4C3536929C0A7460073931C /* UserRepository.swift */; };
		B4C3536C29C0A7930073931C /* UserRepositoryNode.swift in Sources */ = {isa = PBXBuildFile; fileRef = B4C3536B29C0A7930073931C /* UserRepositoryNode.swift */; };
		B4C3536F29C0A88F0073931C /* NodeApi.swift in Sources */ = {isa = PBXBuildFile; fileRef = B4C3536E29C0A88F0073931C /* NodeApi.swift */; };
		B4C3537229C0AA3D0073931C /* AsyncHTTPClient in Frameworks */ = {isa = PBXBuildFile; productRef = B4C3537129C0AA3D0073931C /* AsyncHTTPClient */; };
		B4C3538C29C180310073931C /* SotravelTests.swift in Sources */ = {isa = PBXBuildFile; fileRef = B4C3538B29C180310073931C /* SotravelTests.swift */; };
		B4C3539429C182C50073931C /* AsyncHTTPClient in Frameworks */ = {isa = PBXBuildFile; productRef = B4C3539329C182C50073931C /* AsyncHTTPClient */; };
		B4E9460A29C35CEF001B65EE /* SotravelError.swift in Sources */ = {isa = PBXBuildFile; fileRef = B4E9460929C35CEF001B65EE /* SotravelError.swift */; };
		B4E9460E29C5A6BB001B65EE /* HTTPClientRequest+NodeAuth.swift in Sources */ = {isa = PBXBuildFile; fileRef = B4E9460D29C5A6BB001B65EE /* HTTPClientRequest+NodeAuth.swift */; };
		B4E9461329C5C7C6001B65EE /* TelegramSignInResponse.swift in Sources */ = {isa = PBXBuildFile; fileRef = B4E9461229C5C7C6001B65EE /* TelegramSignInResponse.swift */; };
		D7F6A9BF29C5B55B006FBD26 /* FirebaseAnalytics in Frameworks */ = {isa = PBXBuildFile; productRef = D7F6A9BE29C5B55B006FBD26 /* FirebaseAnalytics */; };
		D7F6A9C129C5B55B006FBD26 /* FirebaseAuth in Frameworks */ = {isa = PBXBuildFile; productRef = D7F6A9C029C5B55B006FBD26 /* FirebaseAuth */; };
		D7F6A9C329C5B55B006FBD26 /* FirebaseDatabase in Frameworks */ = {isa = PBXBuildFile; productRef = D7F6A9C229C5B55B006FBD26 /* FirebaseDatabase */; };
		D7F6A9C529C5B55B006FBD26 /* FirebaseFirestore in Frameworks */ = {isa = PBXBuildFile; productRef = D7F6A9C429C5B55B006FBD26 /* FirebaseFirestore */; };
		D7F6A9C729C5B55B006FBD26 /* FirebaseMessaging in Frameworks */ = {isa = PBXBuildFile; productRef = D7F6A9C629C5B55B006FBD26 /* FirebaseMessaging */; };
		D7F6A9C929C5B55B006FBD26 /* FirebaseStorage in Frameworks */ = {isa = PBXBuildFile; productRef = D7F6A9C829C5B55B006FBD26 /* FirebaseStorage */; };
		D7F6A9CB29C6CEA9006FBD26 /* GoogleService-Info.plist in Resources */ = {isa = PBXBuildFile; fileRef = D7F6A9CA29C6CEA9006FBD26 /* GoogleService-Info.plist */; };
		D7F6A9CD29C6E6BB006FBD26 /* DatabaseAdapter.swift in Sources */ = {isa = PBXBuildFile; fileRef = D7F6A9CC29C6E6BB006FBD26 /* DatabaseAdapter.swift */; };
		D7F6A9D029C6E755006FBD26 /* DatabaseConnector.swift in Sources */ = {isa = PBXBuildFile; fileRef = D7F6A9CF29C6E755006FBD26 /* DatabaseConnector.swift */; };
		D7F6A9D229C6F661006FBD26 /* MockDatabaseData.json in Resources */ = {isa = PBXBuildFile; fileRef = D7F6A9D129C6F661006FBD26 /* MockDatabaseData.json */; };
/* End PBXBuildFile section */

/* Begin PBXContainerItemProxy section */
		B4C3538D29C180310073931C /* PBXContainerItemProxy */ = {
			isa = PBXContainerItemProxy;
			containerPortal = 1866DE5229B993E3005D9F59 /* Project object */;
			proxyType = 1;
			remoteGlobalIDString = 1866DE5929B993E3005D9F59;
			remoteInfo = Sotravel;
		};
/* End PBXContainerItemProxy section */

/* Begin PBXCopyFilesBuildPhase section */
		B43AFA6529CA0DBD0029AB85 /* Embed Frameworks */ = {
			isa = PBXCopyFilesBuildPhase;
			buildActionMask = 2147483647;
			dstPath = "";
			dstSubfolderSpec = 10;
			files = (
			);
			name = "Embed Frameworks";
			runOnlyForDeploymentPostprocessing = 0;
		};
/* End PBXCopyFilesBuildPhase section */

/* Begin PBXFileReference section */
		181C746C29BDDBEF00E6D3B1 /* AttendeesView.swift */ = {isa = PBXFileReference; lastKnownFileType = sourcecode.swift; path = AttendeesView.swift; sourceTree = "<group>"; };
		181C746E29BDDEB700E6D3B1 /* ActionMenuButton.swift */ = {isa = PBXFileReference; lastKnownFileType = sourcecode.swift; path = ActionMenuButton.swift; sourceTree = "<group>"; };
		18591C8229BCDB2800FA987D /* ProfileImageView.swift */ = {isa = PBXFileReference; lastKnownFileType = sourcecode.swift; path = ProfileImageView.swift; sourceTree = "<group>"; };
		18591C8429BCDB7700FA987D /* SearchBarView.swift */ = {isa = PBXFileReference; lastKnownFileType = sourcecode.swift; path = SearchBarView.swift; sourceTree = "<group>"; };
		18591C8729BD73FF00FA987D /* User.swift */ = {isa = PBXFileReference; lastKnownFileType = sourcecode.swift; path = User.swift; sourceTree = "<group>"; };
		185CBD0D29CC0FE6008C3B79 /* FriendsLocationViewModel.swift */ = {isa = PBXFileReference; lastKnownFileType = sourcecode.swift; path = FriendsLocationViewModel.swift; sourceTree = "<group>"; };
		1866DE5A29B993E3005D9F59 /* Sotravel.app */ = {isa = PBXFileReference; explicitFileType = wrapper.application; includeInIndex = 0; path = Sotravel.app; sourceTree = BUILT_PRODUCTS_DIR; };
		1866DE5D29B993E3005D9F59 /* SotravelApp.swift */ = {isa = PBXFileReference; lastKnownFileType = sourcecode.swift; path = SotravelApp.swift; sourceTree = "<group>"; };
		1866DE5F29B993E3005D9F59 /* ContentView.swift */ = {isa = PBXFileReference; lastKnownFileType = sourcecode.swift; path = ContentView.swift; sourceTree = "<group>"; };
		1866DE6129B993E5005D9F59 /* Assets.xcassets */ = {isa = PBXFileReference; lastKnownFileType = folder.assetcatalog; path = Assets.xcassets; sourceTree = "<group>"; };
		1866DE6429B993E5005D9F59 /* Preview Assets.xcassets */ = {isa = PBXFileReference; lastKnownFileType = folder.assetcatalog; path = "Preview Assets.xcassets"; sourceTree = "<group>"; };
		188061A029C05DBE004FB831 /* EventStatusButton.swift */ = {isa = PBXFileReference; lastKnownFileType = sourcecode.swift; path = EventStatusButton.swift; sourceTree = "<group>"; };
		18898CAC29CC41BF00FFD991 /* UserAnnotationView.swift */ = {isa = PBXFileReference; lastKnownFileType = sourcecode.swift; path = UserAnnotationView.swift; sourceTree = "<group>"; };
		188C147429CDA3A600531F9F /* LabelledToggleView.swift */ = {isa = PBXFileReference; lastKnownFileType = sourcecode.swift; path = LabelledToggleView.swift; sourceTree = "<group>"; };
		188C147629CDC13500531F9F /* LocationManagerService.swift */ = {isa = PBXFileReference; lastKnownFileType = sourcecode.swift; path = LocationManagerService.swift; sourceTree = "<group>"; };
		188C147829CDC31100531F9F /* MapRepository.swift */ = {isa = PBXFileReference; lastKnownFileType = sourcecode.swift; path = MapRepository.swift; sourceTree = "<group>"; };
		188EBDAD29C183E5002735F0 /* EditProfileView.swift */ = {isa = PBXFileReference; lastKnownFileType = sourcecode.swift; path = EditProfileView.swift; sourceTree = "<group>"; };
		188EBDB029C1AD3E002735F0 /* TripsPageView.swift */ = {isa = PBXFileReference; lastKnownFileType = sourcecode.swift; path = TripsPageView.swift; sourceTree = "<group>"; };
		188EBDB229C1B053002735F0 /* Trip.swift */ = {isa = PBXFileReference; lastKnownFileType = sourcecode.swift; path = Trip.swift; sourceTree = "<group>"; };
		188EBDB429C1B08B002735F0 /* URLImageView.swift */ = {isa = PBXFileReference; lastKnownFileType = sourcecode.swift; path = URLImageView.swift; sourceTree = "<group>"; };
		188EBDB629C1B11F002735F0 /* TripCardView.swift */ = {isa = PBXFileReference; lastKnownFileType = sourcecode.swift; path = TripCardView.swift; sourceTree = "<group>"; };
		188EBDBA29C1B142002735F0 /* MockTrips.swift */ = {isa = PBXFileReference; lastKnownFileType = sourcecode.swift; path = MockTrips.swift; sourceTree = "<group>"; };
		188EBDBD29C1B4AC002735F0 /* TripPageView.swift */ = {isa = PBXFileReference; lastKnownFileType = sourcecode.swift; path = TripPageView.swift; sourceTree = "<group>"; };
		1893D29229BF295400B61BC9 /* ChatMessage.swift */ = {isa = PBXFileReference; lastKnownFileType = sourcecode.swift; path = ChatMessage.swift; sourceTree = "<group>"; };
		1893D29429BF2A4E00B61BC9 /* MockChat.swift */ = {isa = PBXFileReference; lastKnownFileType = sourcecode.swift; path = MockChat.swift; sourceTree = "<group>"; };
		18A1AC5329BB121A0064CF37 /* DateCellView.swift */ = {isa = PBXFileReference; lastKnownFileType = sourcecode.swift; path = DateCellView.swift; sourceTree = "<group>"; };
		18A1AC5529BB12940064CF37 /* Calendar.swift */ = {isa = PBXFileReference; lastKnownFileType = sourcecode.swift; path = Calendar.swift; sourceTree = "<group>"; };
		18A1AC5729BB12B90064CF37 /* Date.swift */ = {isa = PBXFileReference; lastKnownFileType = sourcecode.swift; path = Date.swift; sourceTree = "<group>"; };
		18A1AC5929BB12CB0064CF37 /* DateFormatter.swift */ = {isa = PBXFileReference; lastKnownFileType = sourcecode.swift; path = DateFormatter.swift; sourceTree = "<group>"; };
		18B33DAE29BE06E60036B51E /* CreateInvitePageView.swift */ = {isa = PBXFileReference; lastKnownFileType = sourcecode.swift; path = CreateInvitePageView.swift; sourceTree = "<group>"; };
		18BE7F2629BDEDBE0035DE2C /* UserHorizontalListView.swift */ = {isa = PBXFileReference; lastKnownFileType = sourcecode.swift; path = UserHorizontalListView.swift; sourceTree = "<group>"; };
		18C3660329C020D800AF0338 /* Chat.swift */ = {isa = PBXFileReference; lastKnownFileType = sourcecode.swift; path = Chat.swift; sourceTree = "<group>"; };
		18C3660529C0227C00AF0338 /* ChatMessageView.swift */ = {isa = PBXFileReference; lastKnownFileType = sourcecode.swift; path = ChatMessageView.swift; sourceTree = "<group>"; };
		18D736A629C03A7C00EB7439 /* KeyboardResponder.swift */ = {isa = PBXFileReference; lastKnownFileType = sourcecode.swift; path = KeyboardResponder.swift; sourceTree = "<group>"; };
		18D9713229BD74B10064DC2A /* MockUsers.swift */ = {isa = PBXFileReference; lastKnownFileType = sourcecode.swift; path = MockUsers.swift; sourceTree = "<group>"; };
		18D9713429BD7CC90064DC2A /* UserListItemView.swift */ = {isa = PBXFileReference; lastKnownFileType = sourcecode.swift; path = UserListItemView.swift; sourceTree = "<group>"; };
		18D9713729BD84480064DC2A /* FriendProfilePageView.swift */ = {isa = PBXFileReference; lastKnownFileType = sourcecode.swift; path = FriendProfilePageView.swift; sourceTree = "<group>"; };
		18D9713929BD86330064DC2A /* FriendsListPageView.swift */ = {isa = PBXFileReference; lastKnownFileType = sourcecode.swift; path = FriendsListPageView.swift; sourceTree = "<group>"; };
		18D9713D29BD910B0064DC2A /* EventPageView.swift */ = {isa = PBXFileReference; lastKnownFileType = sourcecode.swift; path = EventPageView.swift; sourceTree = "<group>"; };
		18D9713F29BD91B60064DC2A /* Event.swift */ = {isa = PBXFileReference; lastKnownFileType = sourcecode.swift; path = Event.swift; sourceTree = "<group>"; };
		18D9714129BD93F20064DC2A /* MockEvents.swift */ = {isa = PBXFileReference; lastKnownFileType = sourcecode.swift; path = MockEvents.swift; sourceTree = "<group>"; };
		18D9714329BD9AF80064DC2A /* EventsStore.swift */ = {isa = PBXFileReference; lastKnownFileType = sourcecode.swift; path = EventsStore.swift; sourceTree = "<group>"; };
		18DEC57329B9A18500B3228A /* Manrope-Bold.ttf */ = {isa = PBXFileReference; lastKnownFileType = file; path = "Manrope-Bold.ttf"; sourceTree = "<group>"; };
		18DEC57429B9A18500B3228A /* Manrope-SemiBold.ttf */ = {isa = PBXFileReference; lastKnownFileType = file; path = "Manrope-SemiBold.ttf"; sourceTree = "<group>"; };
		18DEC57529B9A18500B3228A /* Manrope-Regular.ttf */ = {isa = PBXFileReference; lastKnownFileType = file; path = "Manrope-Regular.ttf"; sourceTree = "<group>"; };
		18DEC57629B9A18500B3228A /* Manrope-Medium.ttf */ = {isa = PBXFileReference; lastKnownFileType = file; path = "Manrope-Medium.ttf"; sourceTree = "<group>"; };
		18DEC57B29B9A1F400B3228A /* Info.plist */ = {isa = PBXFileReference; lastKnownFileType = text.plist; path = Info.plist; sourceTree = "<group>"; };
		18DEC57D29B9A29700B3228A /* Font.swift */ = {isa = PBXFileReference; lastKnownFileType = sourcecode.swift; path = Font.swift; sourceTree = "<group>"; };
		18DEC57F29B9A3D600B3228A /* Color.swift */ = {isa = PBXFileReference; lastKnownFileType = sourcecode.swift; path = Color.swift; sourceTree = "<group>"; };
		18F72A3729B997F40084B94A /* LoginView.swift */ = {isa = PBXFileReference; lastKnownFileType = sourcecode.swift; path = LoginView.swift; sourceTree = "<group>"; };
		AC11B87D29CB0C2500ADE703 /* EventService.swift */ = {isa = PBXFileReference; lastKnownFileType = sourcecode.swift; path = EventService.swift; sourceTree = "<group>"; };
		AC18140529C43E1A008D6944 /* UserService.swift */ = {isa = PBXFileReference; lastKnownFileType = sourcecode.swift; path = UserService.swift; sourceTree = "<group>"; };
		AC28033129C61CC500687D62 /* ChatsStore.swift */ = {isa = PBXFileReference; lastKnownFileType = sourcecode.swift; path = ChatsStore.swift; sourceTree = "<group>"; };
		AC28033429C61D6800687D62 /* ChatViewModel.swift */ = {isa = PBXFileReference; lastKnownFileType = sourcecode.swift; path = ChatViewModel.swift; sourceTree = "<group>"; };
		AC28033629C61D7D00687D62 /* ChatViewModelDelegate.swift */ = {isa = PBXFileReference; lastKnownFileType = sourcecode.swift; path = ChatViewModelDelegate.swift; sourceTree = "<group>"; };
		AC32F94829B9EB8C0005F5B9 /* MapView.swift */ = {isa = PBXFileReference; lastKnownFileType = sourcecode.swift; path = MapView.swift; sourceTree = "<group>"; };
		AC32F95229BA02700005F5B9 /* CalendarView.swift */ = {isa = PBXFileReference; lastKnownFileType = sourcecode.swift; path = CalendarView.swift; sourceTree = "<group>"; };
		AC32F95A29BA11B20005F5B9 /* EventView.swift */ = {isa = PBXFileReference; lastKnownFileType = sourcecode.swift; path = EventView.swift; sourceTree = "<group>"; };
		AC32F95C29BA1A260005F5B9 /* InvitePageView.swift */ = {isa = PBXFileReference; lastKnownFileType = sourcecode.swift; path = InvitePageView.swift; sourceTree = "<group>"; };
		AC32F95F29BA2A930005F5B9 /* ChatPageView.swift */ = {isa = PBXFileReference; lastKnownFileType = sourcecode.swift; path = ChatPageView.swift; sourceTree = "<group>"; };
		AC32F96129BA2AD90005F5B9 /* ChatPageCellView.swift */ = {isa = PBXFileReference; lastKnownFileType = sourcecode.swift; path = ChatPageCellView.swift; sourceTree = "<group>"; };
		AC32F96429BA33440005F5B9 /* ProfileHeaderView.swift */ = {isa = PBXFileReference; lastKnownFileType = sourcecode.swift; path = ProfileHeaderView.swift; sourceTree = "<group>"; };
		AC32F96A29BA38CE0005F5B9 /* ProfilePageView.swift */ = {isa = PBXFileReference; lastKnownFileType = sourcecode.swift; path = ProfilePageView.swift; sourceTree = "<group>"; };
		AC32F96C29BA3DBB0005F5B9 /* MapPageView.swift */ = {isa = PBXFileReference; lastKnownFileType = sourcecode.swift; path = MapPageView.swift; sourceTree = "<group>"; };
		AC63059B29BDA34F00EEEA85 /* ChatView.swift */ = {isa = PBXFileReference; lastKnownFileType = sourcecode.swift; path = ChatView.swift; sourceTree = "<group>"; };
		AC63059D29BDA43F00EEEA85 /* ChatHeaderView.swift */ = {isa = PBXFileReference; lastKnownFileType = sourcecode.swift; path = ChatHeaderView.swift; sourceTree = "<group>"; };
		AC6305A129BDA6E600EEEA85 /* ChatCellView.swift */ = {isa = PBXFileReference; lastKnownFileType = sourcecode.swift; path = ChatCellView.swift; sourceTree = "<group>"; };
		AC6305A329BDC51500EEEA85 /* SocialMediaLinksView.swift */ = {isa = PBXFileReference; lastKnownFileType = sourcecode.swift; path = SocialMediaLinksView.swift; sourceTree = "<group>"; };
		AC6305A529BDC60300EEEA85 /* RecentActivityView.swift */ = {isa = PBXFileReference; lastKnownFileType = sourcecode.swift; path = RecentActivityView.swift; sourceTree = "<group>"; };
		AC75222829BCBF8100E7C6E7 /* ProfileFriendsView.swift */ = {isa = PBXFileReference; lastKnownFileType = sourcecode.swift; path = ProfileFriendsView.swift; sourceTree = "<group>"; };
		ACA4016229C765DC0076E183 /* ProfileHeaderViewModel.swift */ = {isa = PBXFileReference; lastKnownFileType = sourcecode.swift; path = ProfileHeaderViewModel.swift; sourceTree = "<group>"; };
		ACA4016429C7664D0076E183 /* SocialMediaLinksViewModel.swift */ = {isa = PBXFileReference; lastKnownFileType = sourcecode.swift; path = SocialMediaLinksViewModel.swift; sourceTree = "<group>"; };
		ACA4016629C768B60076E183 /* ProfileFriendsViewModel.swift */ = {isa = PBXFileReference; lastKnownFileType = sourcecode.swift; path = ProfileFriendsViewModel.swift; sourceTree = "<group>"; };
		ACA4016829C769A70076E183 /* EditProfileViewModel.swift */ = {isa = PBXFileReference; lastKnownFileType = sourcecode.swift; path = EditProfileViewModel.swift; sourceTree = "<group>"; };
		ACF2B20029CD8B620017A9F0 /* CreateInvitePageUserViewModel.swift */ = {isa = PBXFileReference; lastKnownFileType = sourcecode.swift; path = CreateInvitePageUserViewModel.swift; sourceTree = "<group>"; };
		ACF2B20229CD8BAA0017A9F0 /* EventPageUserViewModel.swift */ = {isa = PBXFileReference; lastKnownFileType = sourcecode.swift; path = EventPageUserViewModel.swift; sourceTree = "<group>"; };
		ACF2B20429CDB4DB0017A9F0 /* EventViewModel.swift */ = {isa = PBXFileReference; lastKnownFileType = sourcecode.swift; path = EventViewModel.swift; sourceTree = "<group>"; };
		B43AFA5629CA06BD0029AB85 /* RestApi.swift */ = {isa = PBXFileReference; lastKnownFileType = sourcecode.swift; path = RestApi.swift; sourceTree = "<group>"; };
		B43AFA5F29CA0C390029AB85 /* AppDelegate+Injection.swif.swift */ = {isa = PBXFileReference; lastKnownFileType = sourcecode.swift; path = "AppDelegate+Injection.swif.swift"; sourceTree = "<group>"; };
		B43AFA6C29CA0E9F0029AB85 /* Repositories+Injection.swift */ = {isa = PBXFileReference; lastKnownFileType = sourcecode.swift; path = "Repositories+Injection.swift"; sourceTree = "<group>"; };
		B44CB22A29C03954007588DC /* MainRepository.swift */ = {isa = PBXFileReference; lastKnownFileType = sourcecode.swift; path = MainRepository.swift; sourceTree = "<group>"; };
		B46B0A6E29CCA9A2006F2BA2 /* UpdateUserApiModel.swift */ = {isa = PBXFileReference; lastKnownFileType = sourcecode.swift; path = UpdateUserApiModel.swift; sourceTree = "<group>"; };
		B46B0A7029CCB148006F2BA2 /* Encodable+Subscriptable.swift */ = {isa = PBXFileReference; lastKnownFileType = sourcecode.swift; path = "Encodable+Subscriptable.swift"; sourceTree = "<group>"; };
		B46B0A8029CEC6B4006F2BA2 /* MapViewModel.swift */ = {isa = PBXFileReference; lastKnownFileType = sourcecode.swift; path = MapViewModel.swift; sourceTree = "<group>"; };
		B4C3536029C0A5BE0073931C /* FriendRepository.swift */ = {isa = PBXFileReference; lastKnownFileType = sourcecode.swift; path = FriendRepository.swift; sourceTree = "<group>"; };
		B4C3536229C0A5D30073931C /* TripRepository.swift */ = {isa = PBXFileReference; lastKnownFileType = sourcecode.swift; path = TripRepository.swift; sourceTree = "<group>"; };
		B4C3536429C0A64A0073931C /* EventRepository.swift */ = {isa = PBXFileReference; lastKnownFileType = sourcecode.swift; path = EventRepository.swift; sourceTree = "<group>"; };
		B4C3536729C0A7160073931C /* ChatRepository.swift */ = {isa = PBXFileReference; lastKnownFileType = sourcecode.swift; path = ChatRepository.swift; sourceTree = "<group>"; };
		B4C3536929C0A7460073931C /* UserRepository.swift */ = {isa = PBXFileReference; lastKnownFileType = sourcecode.swift; path = UserRepository.swift; sourceTree = "<group>"; };
		B4C3536B29C0A7930073931C /* UserRepositoryNode.swift */ = {isa = PBXFileReference; lastKnownFileType = sourcecode.swift; path = UserRepositoryNode.swift; sourceTree = "<group>"; };
		B4C3536E29C0A88F0073931C /* NodeApi.swift */ = {isa = PBXFileReference; lastKnownFileType = sourcecode.swift; path = NodeApi.swift; sourceTree = "<group>"; };
		B4C3538929C180310073931C /* SotravelTests.xctest */ = {isa = PBXFileReference; explicitFileType = wrapper.cfbundle; includeInIndex = 0; path = SotravelTests.xctest; sourceTree = BUILT_PRODUCTS_DIR; };
		B4C3538B29C180310073931C /* SotravelTests.swift */ = {isa = PBXFileReference; lastKnownFileType = sourcecode.swift; path = SotravelTests.swift; sourceTree = "<group>"; };
		B4E9460929C35CEF001B65EE /* SotravelError.swift */ = {isa = PBXFileReference; lastKnownFileType = sourcecode.swift; path = SotravelError.swift; sourceTree = "<group>"; };
		B4E9460D29C5A6BB001B65EE /* HTTPClientRequest+NodeAuth.swift */ = {isa = PBXFileReference; lastKnownFileType = sourcecode.swift; path = "HTTPClientRequest+NodeAuth.swift"; sourceTree = "<group>"; };
		B4E9461229C5C7C6001B65EE /* TelegramSignInResponse.swift */ = {isa = PBXFileReference; lastKnownFileType = sourcecode.swift; path = TelegramSignInResponse.swift; sourceTree = "<group>"; };
		D7F6A9CA29C6CEA9006FBD26 /* GoogleService-Info.plist */ = {isa = PBXFileReference; fileEncoding = 4; lastKnownFileType = text.plist.xml; path = "GoogleService-Info.plist"; sourceTree = "<group>"; };
		D7F6A9CC29C6E6BB006FBD26 /* DatabaseAdapter.swift */ = {isa = PBXFileReference; lastKnownFileType = sourcecode.swift; path = DatabaseAdapter.swift; sourceTree = "<group>"; };
		D7F6A9CF29C6E755006FBD26 /* DatabaseConnector.swift */ = {isa = PBXFileReference; lastKnownFileType = sourcecode.swift; path = DatabaseConnector.swift; sourceTree = "<group>"; };
		D7F6A9D129C6F661006FBD26 /* MockDatabaseData.json */ = {isa = PBXFileReference; fileEncoding = 4; lastKnownFileType = text.json; path = MockDatabaseData.json; sourceTree = "<group>"; };
/* End PBXFileReference section */

/* Begin PBXFrameworksBuildPhase section */
		1866DE5729B993E3005D9F59 /* Frameworks */ = {
			isa = PBXFrameworksBuildPhase;
			buildActionMask = 2147483647;
			files = (
				185CBD0B29CC0D87008C3B79 /* FirebaseStorage in Frameworks */,
				185CBD0A29CC0D87008C3B79 /* FirebaseMessaging in Frameworks */,
				185CBD0929CC0D87008C3B79 /* FirebaseFirestore in Frameworks */,
				185CBD0829CC0D87008C3B79 /* FirebaseDatabase in Frameworks */,
				185CBD0729CC0D87008C3B79 /* FirebaseAuth in Frameworks */,
				185CBD0629CC0D87008C3B79 /* FirebaseAnalytics in Frameworks */,
				B43AFA6B29CA0E230029AB85 /* Resolver in Frameworks */,
				B4C3537229C0AA3D0073931C /* AsyncHTTPClient in Frameworks */,
			);
			runOnlyForDeploymentPostprocessing = 0;
		};
		B4C3538629C180310073931C /* Frameworks */ = {
			isa = PBXFrameworksBuildPhase;
			buildActionMask = 2147483647;
			files = (
				B4C3539429C182C50073931C /* AsyncHTTPClient in Frameworks */,
				D7F6A9C329C5B55B006FBD26 /* FirebaseDatabase in Frameworks */,
				D7F6A9C529C5B55B006FBD26 /* FirebaseFirestore in Frameworks */,
				D7F6A9C729C5B55B006FBD26 /* FirebaseMessaging in Frameworks */,
				D7F6A9BF29C5B55B006FBD26 /* FirebaseAnalytics in Frameworks */,
				D7F6A9C129C5B55B006FBD26 /* FirebaseAuth in Frameworks */,
				D7F6A9C929C5B55B006FBD26 /* FirebaseStorage in Frameworks */,
			);
			runOnlyForDeploymentPostprocessing = 0;
		};
/* End PBXFrameworksBuildPhase section */

/* Begin PBXGroup section */
		18591C8629BD73EF00FA987D /* Models */ = {
			isa = PBXGroup;
			children = (
				18591C8729BD73FF00FA987D /* User.swift */,
				18D9713F29BD91B60064DC2A /* Event.swift */,
				18D9714329BD9AF80064DC2A /* EventsStore.swift */,
				1893D29229BF295400B61BC9 /* ChatMessage.swift */,
				18C3660329C020D800AF0338 /* Chat.swift */,
				188EBDB229C1B053002735F0 /* Trip.swift */,
				AC28033129C61CC500687D62 /* ChatsStore.swift */,
			);
			path = Models;
			sourceTree = "<group>";
		};
		1866DE5129B993E3005D9F59 = {
			isa = PBXGroup;
			children = (
				1866DE5C29B993E3005D9F59 /* Sotravel */,
				B4C3538A29C180310073931C /* SotravelTests */,
				1866DE5B29B993E3005D9F59 /* Products */,
				B4C3539229C182C50073931C /* Frameworks */,
			);
			sourceTree = "<group>";
		};
		1866DE5B29B993E3005D9F59 /* Products */ = {
			isa = PBXGroup;
			children = (
				1866DE5A29B993E3005D9F59 /* Sotravel.app */,
				B4C3538929C180310073931C /* SotravelTests.xctest */,
			);
			name = Products;
			sourceTree = "<group>";
		};
		1866DE5C29B993E3005D9F59 /* Sotravel */ = {
			isa = PBXGroup;
			children = (
				B4E9461129C5C7B1001B65EE /* ApiModels */,
				AC18140A29C43E8C008D6944 /* ViewModels */,
				AC18140429C43DE4008D6944 /* Service */,
				B4E9460829C35CE2001B65EE /* Errors */,
				B4C3536D29C0A8770073931C /* Network Access */,
				B4C3536629C0A6870073931C /* NodeRepository */,
				B44CB22929C03924007588DC /* Repository */,
				18D736A529C03A6F00EB7439 /* Helpers */,
				18D9713129BD749F0064DC2A /* Mocks */,
				18591C8629BD73EF00FA987D /* Models */,
				18DEC57C29B9A28800B3228A /* Extensions */,
				18DEC57B29B9A1F400B3228A /* Info.plist */,
				1866DE6B29B993FA005D9F59 /* Views */,
				1866DE5D29B993E3005D9F59 /* SotravelApp.swift */,
				B43AFA5F29CA0C390029AB85 /* AppDelegate+Injection.swif.swift */,
				1866DE5F29B993E3005D9F59 /* ContentView.swift */,
				1866DE6129B993E5005D9F59 /* Assets.xcassets */,
				D7F6A9CA29C6CEA9006FBD26 /* GoogleService-Info.plist */,
				1866DE6329B993E5005D9F59 /* Preview Content */,
				D7F6A9CE29C6E6C2006FBD26 /* Database */,
			);
			path = Sotravel;
			sourceTree = "<group>";
		};
		1866DE6329B993E5005D9F59 /* Preview Content */ = {
			isa = PBXGroup;
			children = (
				1866DE6429B993E5005D9F59 /* Preview Assets.xcassets */,
			);
			path = "Preview Content";
			sourceTree = "<group>";
		};
		1866DE6B29B993FA005D9F59 /* Views */ = {
			isa = PBXGroup;
			children = (
				188EBDBC29C1B49E002735F0 /* TripPageView */,
				188EBDAF29C1AD32002735F0 /* TripsPageView */,
				18B33DAD29BE06D70036B51E /* CreateInvitePageView */,
				18D9713C29BD90FA0064DC2A /* EventPageView */,
				18D9713B29BD86390064DC2A /* FriendsListPageView */,
				18D9713629BD84240064DC2A /* FriendProfilePageView */,
				AC32F96329BA2DEE0005F5B9 /* ProfilePageView */,
				AC32F95E29BA2A870005F5B9 /* ChatPageView */,
				AC32F95729BA05B40005F5B9 /* InvitePageView */,
				AC32F95629BA05A50005F5B9 /* MapPageView */,
				AC32F95529BA058F0005F5B9 /* General */,
				AC32F95429BA05810005F5B9 /* LoginView */,
			);
			path = Views;
			sourceTree = "<group>";
		};
		188EBDAF29C1AD32002735F0 /* TripsPageView */ = {
			isa = PBXGroup;
			children = (
				188EBDB029C1AD3E002735F0 /* TripsPageView.swift */,
				188EBDB629C1B11F002735F0 /* TripCardView.swift */,
			);
			path = TripsPageView;
			sourceTree = "<group>";
		};
		188EBDBC29C1B49E002735F0 /* TripPageView */ = {
			isa = PBXGroup;
			children = (
				188EBDBD29C1B4AC002735F0 /* TripPageView.swift */,
			);
			path = TripPageView;
			sourceTree = "<group>";
		};
		18B33DAD29BE06D70036B51E /* CreateInvitePageView */ = {
			isa = PBXGroup;
			children = (
				18B33DAE29BE06E60036B51E /* CreateInvitePageView.swift */,
			);
			path = CreateInvitePageView;
			sourceTree = "<group>";
		};
		18D736A529C03A6F00EB7439 /* Helpers */ = {
			isa = PBXGroup;
			children = (
				18D736A629C03A7C00EB7439 /* KeyboardResponder.swift */,
			);
			path = Helpers;
			sourceTree = "<group>";
		};
		18D9713129BD749F0064DC2A /* Mocks */ = {
			isa = PBXGroup;
			children = (
				18D9713229BD74B10064DC2A /* MockUsers.swift */,
				18D9714129BD93F20064DC2A /* MockEvents.swift */,
				1893D29429BF2A4E00B61BC9 /* MockChat.swift */,
				188EBDBA29C1B142002735F0 /* MockTrips.swift */,
				D7F6A9D129C6F661006FBD26 /* MockDatabaseData.json */,
			);
			path = Mocks;
			sourceTree = "<group>";
		};
		18D9713629BD84240064DC2A /* FriendProfilePageView */ = {
			isa = PBXGroup;
			children = (
				18D9713729BD84480064DC2A /* FriendProfilePageView.swift */,
				AC6305A529BDC60300EEEA85 /* RecentActivityView.swift */,
			);
			path = FriendProfilePageView;
			sourceTree = "<group>";
		};
		18D9713B29BD86390064DC2A /* FriendsListPageView */ = {
			isa = PBXGroup;
			children = (
				18D9713929BD86330064DC2A /* FriendsListPageView.swift */,
			);
			path = FriendsListPageView;
			sourceTree = "<group>";
		};
		18D9713C29BD90FA0064DC2A /* EventPageView */ = {
			isa = PBXGroup;
			children = (
				18D9713D29BD910B0064DC2A /* EventPageView.swift */,
				181C746C29BDDBEF00E6D3B1 /* AttendeesView.swift */,
				188061A029C05DBE004FB831 /* EventStatusButton.swift */,
			);
			path = EventPageView;
			sourceTree = "<group>";
		};
		18DEC57C29B9A28800B3228A /* Extensions */ = {
			isa = PBXGroup;
			children = (
				18DEC57329B9A18500B3228A /* Manrope-Bold.ttf */,
				18DEC57629B9A18500B3228A /* Manrope-Medium.ttf */,
				18DEC57529B9A18500B3228A /* Manrope-Regular.ttf */,
				18DEC57429B9A18500B3228A /* Manrope-SemiBold.ttf */,
				18DEC57D29B9A29700B3228A /* Font.swift */,
				18DEC57F29B9A3D600B3228A /* Color.swift */,
				18A1AC5529BB12940064CF37 /* Calendar.swift */,
				18A1AC5729BB12B90064CF37 /* Date.swift */,
				18A1AC5929BB12CB0064CF37 /* DateFormatter.swift */,
			);
			path = Extensions;
			sourceTree = "<group>";
		};
		AC18140429C43DE4008D6944 /* Service */ = {
			isa = PBXGroup;
			children = (
				AC18140529C43E1A008D6944 /* UserService.swift */,
				AC11B87D29CB0C2500ADE703 /* EventService.swift */,
				188C147629CDC13500531F9F /* LocationManagerService.swift */,
			);
			path = Service;
			sourceTree = "<group>";
		};
		AC18140A29C43E8C008D6944 /* ViewModels */ = {
			isa = PBXGroup;
			children = (
				ACA4016229C765DC0076E183 /* ProfileHeaderViewModel.swift */,
				AC28033429C61D6800687D62 /* ChatViewModel.swift */,
				185CBD0D29CC0FE6008C3B79 /* FriendsLocationViewModel.swift */,
				AC28033629C61D7D00687D62 /* ChatViewModelDelegate.swift */,
				ACA4016429C7664D0076E183 /* SocialMediaLinksViewModel.swift */,
				ACA4016629C768B60076E183 /* ProfileFriendsViewModel.swift */,
				ACA4016829C769A70076E183 /* EditProfileViewModel.swift */,
				ACF2B20029CD8B620017A9F0 /* CreateInvitePageUserViewModel.swift */,
				ACF2B20229CD8BAA0017A9F0 /* EventPageUserViewModel.swift */,
				ACF2B20429CDB4DB0017A9F0 /* EventViewModel.swift */,
				B46B0A8029CEC6B4006F2BA2 /* MapViewModel.swift */,
			);
			path = ViewModels;
			sourceTree = "<group>";
		};
		AC32F95429BA05810005F5B9 /* LoginView */ = {
			isa = PBXGroup;
			children = (
				18F72A3729B997F40084B94A /* LoginView.swift */,
			);
			path = LoginView;
			sourceTree = "<group>";
		};
		AC32F95529BA058F0005F5B9 /* General */ = {
			isa = PBXGroup;
			children = (
				18591C8229BCDB2800FA987D /* ProfileImageView.swift */,
				18591C8429BCDB7700FA987D /* SearchBarView.swift */,
				181C746E29BDDEB700E6D3B1 /* ActionMenuButton.swift */,
				18BE7F2629BDEDBE0035DE2C /* UserHorizontalListView.swift */,
				18D9713429BD7CC90064DC2A /* UserListItemView.swift */,
				AC6305A329BDC51500EEEA85 /* SocialMediaLinksView.swift */,
				188EBDB429C1B08B002735F0 /* URLImageView.swift */,
				188C147429CDA3A600531F9F /* LabelledToggleView.swift */,
			);
			path = General;
			sourceTree = "<group>";
		};
		AC32F95629BA05A50005F5B9 /* MapPageView */ = {
			isa = PBXGroup;
			children = (
				AC32F94829B9EB8C0005F5B9 /* MapView.swift */,
				AC32F96C29BA3DBB0005F5B9 /* MapPageView.swift */,
				18898CAC29CC41BF00FFD991 /* UserAnnotationView.swift */,
			);
			path = MapPageView;
			sourceTree = "<group>";
		};
		AC32F95729BA05B40005F5B9 /* InvitePageView */ = {
			isa = PBXGroup;
			children = (
				AC32F95229BA02700005F5B9 /* CalendarView.swift */,
				AC32F95A29BA11B20005F5B9 /* EventView.swift */,
				AC32F95C29BA1A260005F5B9 /* InvitePageView.swift */,
				18A1AC5329BB121A0064CF37 /* DateCellView.swift */,
			);
			path = InvitePageView;
			sourceTree = "<group>";
		};
		AC32F95E29BA2A870005F5B9 /* ChatPageView */ = {
			isa = PBXGroup;
			children = (
				AC32F95F29BA2A930005F5B9 /* ChatPageView.swift */,
				AC32F96129BA2AD90005F5B9 /* ChatPageCellView.swift */,
				AC63059B29BDA34F00EEEA85 /* ChatView.swift */,
				AC63059D29BDA43F00EEEA85 /* ChatHeaderView.swift */,
				AC6305A129BDA6E600EEEA85 /* ChatCellView.swift */,
				18C3660529C0227C00AF0338 /* ChatMessageView.swift */,
			);
			path = ChatPageView;
			sourceTree = "<group>";
		};
		AC32F96329BA2DEE0005F5B9 /* ProfilePageView */ = {
			isa = PBXGroup;
			children = (
				AC32F96429BA33440005F5B9 /* ProfileHeaderView.swift */,
				AC32F96A29BA38CE0005F5B9 /* ProfilePageView.swift */,
				AC75222829BCBF8100E7C6E7 /* ProfileFriendsView.swift */,
				188EBDAD29C183E5002735F0 /* EditProfileView.swift */,
			);
			path = ProfilePageView;
			sourceTree = "<group>";
		};
		B44CB22929C03924007588DC /* Repository */ = {
			isa = PBXGroup;
			children = (
				B44CB22A29C03954007588DC /* MainRepository.swift */,
				B4C3536929C0A7460073931C /* UserRepository.swift */,
				B4C3536029C0A5BE0073931C /* FriendRepository.swift */,
				B4C3536229C0A5D30073931C /* TripRepository.swift */,
				B4C3536429C0A64A0073931C /* EventRepository.swift */,
				B4C3536729C0A7160073931C /* ChatRepository.swift */,
				B43AFA6C29CA0E9F0029AB85 /* Repositories+Injection.swift */,
				188C147829CDC31100531F9F /* MapRepository.swift */,
			);
			path = Repository;
			sourceTree = "<group>";
		};
		B4C3536629C0A6870073931C /* NodeRepository */ = {
			isa = PBXGroup;
			children = (
				B4C3536B29C0A7930073931C /* UserRepositoryNode.swift */,
			);
			path = NodeRepository;
			sourceTree = "<group>";
		};
		B4C3536D29C0A8770073931C /* Network Access */ = {
			isa = PBXGroup;
			children = (
				B4C3536E29C0A88F0073931C /* NodeApi.swift */,
				B4E9460D29C5A6BB001B65EE /* HTTPClientRequest+NodeAuth.swift */,
				B43AFA5629CA06BD0029AB85 /* RestApi.swift */,
			);
			path = "Network Access";
			sourceTree = "<group>";
		};
		B4C3538A29C180310073931C /* SotravelTests */ = {
			isa = PBXGroup;
			children = (
				B4C3538B29C180310073931C /* SotravelTests.swift */,
			);
			path = SotravelTests;
			sourceTree = "<group>";
		};
		B4C3539229C182C50073931C /* Frameworks */ = {
			isa = PBXGroup;
			children = (
			);
			name = Frameworks;
			sourceTree = "<group>";
		};
		B4E9460829C35CE2001B65EE /* Errors */ = {
			isa = PBXGroup;
			children = (
				B4E9460929C35CEF001B65EE /* SotravelError.swift */,
			);
			path = Errors;
			sourceTree = "<group>";
		};
		B4E9461129C5C7B1001B65EE /* ApiModels */ = {
			isa = PBXGroup;
			children = (
				B4E9461229C5C7C6001B65EE /* TelegramSignInResponse.swift */,
				B46B0A6E29CCA9A2006F2BA2 /* UpdateUserApiModel.swift */,
				B46B0A7029CCB148006F2BA2 /* Encodable+Subscriptable.swift */,
			);
			path = ApiModels;
			sourceTree = "<group>";
		};
		D7F6A9CE29C6E6C2006FBD26 /* Database */ = {
			isa = PBXGroup;
			children = (
				D7F6A9CC29C6E6BB006FBD26 /* DatabaseAdapter.swift */,
				D7F6A9CF29C6E755006FBD26 /* DatabaseConnector.swift */,
			);
			path = Database;
			sourceTree = "<group>";
		};
/* End PBXGroup section */

/* Begin PBXNativeTarget section */
		1866DE5929B993E3005D9F59 /* Sotravel */ = {
			isa = PBXNativeTarget;
			buildConfigurationList = 1866DE6829B993E5005D9F59 /* Build configuration list for PBXNativeTarget "Sotravel" */;
			buildPhases = (
				1866DE5629B993E3005D9F59 /* Sources */,
				1866DE5729B993E3005D9F59 /* Frameworks */,
				1866DE5829B993E3005D9F59 /* Resources */,
				AC32F94729B9DA720005F5B9 /* ShellScript */,
			);
			buildRules = (
			);
			dependencies = (
			);
			name = Sotravel;
			packageProductDependencies = (
				B4C3537129C0AA3D0073931C /* AsyncHTTPClient */,
				B43AFA6A29CA0E230029AB85 /* Resolver */,
				D7F6A9BE29C5B55B006FBD26 /* FirebaseAnalytics */,
				D7F6A9C029C5B55B006FBD26 /* FirebaseAuth */,
				D7F6A9C229C5B55B006FBD26 /* FirebaseDatabase */,
				D7F6A9C429C5B55B006FBD26 /* FirebaseFirestore */,
				D7F6A9C629C5B55B006FBD26 /* FirebaseMessaging */,
				D7F6A9C829C5B55B006FBD26 /* FirebaseStorage */,
			);
			productName = Sotravel;
			productReference = 1866DE5A29B993E3005D9F59 /* Sotravel.app */;
			productType = "com.apple.product-type.application";
		};
		B4C3538829C180310073931C /* SotravelTests */ = {
			isa = PBXNativeTarget;
			buildConfigurationList = B4C3538F29C180310073931C /* Build configuration list for PBXNativeTarget "SotravelTests" */;
			buildPhases = (
				B4C3538529C180310073931C /* Sources */,
				B4C3538629C180310073931C /* Frameworks */,
				B4C3538729C180310073931C /* Resources */,
				B43AFA6529CA0DBD0029AB85 /* Embed Frameworks */,
			);
			buildRules = (
			);
			dependencies = (
				B4C3538E29C180310073931C /* PBXTargetDependency */,
			);
			name = SotravelTests;
			packageProductDependencies = (
				B4C3539329C182C50073931C /* AsyncHTTPClient */,
			);
			productName = SotravelTests;
			productReference = B4C3538929C180310073931C /* SotravelTests.xctest */;
			productType = "com.apple.product-type.bundle.unit-test";
		};
/* End PBXNativeTarget section */

/* Begin PBXProject section */
		1866DE5229B993E3005D9F59 /* Project object */ = {
			isa = PBXProject;
			attributes = {
				BuildIndependentTargetsInParallel = 1;
				LastSwiftUpdateCheck = 1420;
				LastUpgradeCheck = 1420;
				TargetAttributes = {
					1866DE5929B993E3005D9F59 = {
						CreatedOnToolsVersion = 14.2;
					};
					B4C3538829C180310073931C = {
						CreatedOnToolsVersion = 14.2;
						TestTargetID = 1866DE5929B993E3005D9F59;
					};
				};
			};
			buildConfigurationList = 1866DE5529B993E3005D9F59 /* Build configuration list for PBXProject "Sotravel" */;
			compatibilityVersion = "Xcode 14.0";
			developmentRegion = en;
			hasScannedForEncodings = 0;
			knownRegions = (
				en,
				Base,
			);
			mainGroup = 1866DE5129B993E3005D9F59;
			packageReferences = (
				B4C3537029C0AA3D0073931C /* XCRemoteSwiftPackageReference "async-http-client" */,
				B43AFA6929CA0E230029AB85 /* XCRemoteSwiftPackageReference "Resolver" */,
				D7F6A9BD29C5B55B006FBD26 /* XCRemoteSwiftPackageReference "firebase-ios-sdk" */,
			);
			productRefGroup = 1866DE5B29B993E3005D9F59 /* Products */;
			projectDirPath = "";
			projectRoot = "";
			targets = (
				1866DE5929B993E3005D9F59 /* Sotravel */,
				B4C3538829C180310073931C /* SotravelTests */,
			);
		};
/* End PBXProject section */

/* Begin PBXResourcesBuildPhase section */
		1866DE5829B993E3005D9F59 /* Resources */ = {
			isa = PBXResourcesBuildPhase;
			buildActionMask = 2147483647;
			files = (
				18DEC57A29B9A18500B3228A /* Manrope-Medium.ttf in Resources */,
				1866DE6529B993E5005D9F59 /* Preview Assets.xcassets in Resources */,
				18DEC57929B9A18500B3228A /* Manrope-Regular.ttf in Resources */,
				18DEC57729B9A18500B3228A /* Manrope-Bold.ttf in Resources */,
				18DEC57829B9A18500B3228A /* Manrope-SemiBold.ttf in Resources */,
				1866DE6229B993E5005D9F59 /* Assets.xcassets in Resources */,
				D7F6A9D229C6F661006FBD26 /* MockDatabaseData.json in Resources */,
				D7F6A9CB29C6CEA9006FBD26 /* GoogleService-Info.plist in Resources */,
			);
			runOnlyForDeploymentPostprocessing = 0;
		};
		B4C3538729C180310073931C /* Resources */ = {
			isa = PBXResourcesBuildPhase;
			buildActionMask = 2147483647;
			files = (
			);
			runOnlyForDeploymentPostprocessing = 0;
		};
/* End PBXResourcesBuildPhase section */

/* Begin PBXShellScriptBuildPhase section */
		AC32F94729B9DA720005F5B9 /* ShellScript */ = {
			isa = PBXShellScriptBuildPhase;
			buildActionMask = 2147483647;
			files = (
			);
			inputFileListPaths = (
			);
			inputPaths = (
			);
			outputFileListPaths = (
			);
			outputPaths = (
			);
			runOnlyForDeploymentPostprocessing = 0;
			shellPath = /bin/sh;
			shellScript = "export PATH=\"$PATH:/opt/homebrew/bin\"\nif which swiftlint >/dev/null; then\n    swiftlint --config .swiftlint.yml --fix --format .\n    swiftlint --config .swiftlint.yml\nelse\n    echo \"warning: SwiiftLint not installed, download from https://github.com/realm/SwiftLint\"\nfi\n";
		};
/* End PBXShellScriptBuildPhase section */

/* Begin PBXSourcesBuildPhase section */
		1866DE5629B993E3005D9F59 /* Sources */ = {
			isa = PBXSourcesBuildPhase;
			buildActionMask = 2147483647;
			files = (
				18DEC57E29B9A29700B3228A /* Font.swift in Sources */,
				D7F6A9CD29C6E6BB006FBD26 /* DatabaseAdapter.swift in Sources */,
				18D9713E29BD910B0064DC2A /* EventPageView.swift in Sources */,
				ACF2B20329CD8BAA0017A9F0 /* EventPageUserViewModel.swift in Sources */,
				AC28033229C61CC500687D62 /* ChatsStore.swift in Sources */,
				1893D29529BF2A4E00B61BC9 /* MockChat.swift in Sources */,
				B4E9461329C5C7C6001B65EE /* TelegramSignInResponse.swift in Sources */,
				ACF2B20129CD8B620017A9F0 /* CreateInvitePageUserViewModel.swift in Sources */,
				AC32F95B29BA11B20005F5B9 /* EventView.swift in Sources */,
				18D9714029BD91B60064DC2A /* Event.swift in Sources */,
				18D9713329BD74B10064DC2A /* MockUsers.swift in Sources */,
				18591C8829BD73FF00FA987D /* User.swift in Sources */,
				B4C3536829C0A7160073931C /* ChatRepository.swift in Sources */,
				188C147729CDC13500531F9F /* LocationManagerService.swift in Sources */,
				B43AFA6D29CA0E9F0029AB85 /* Repositories+Injection.swift in Sources */,
				AC32F96029BA2A930005F5B9 /* ChatPageView.swift in Sources */,
				188EBDB129C1AD3E002735F0 /* TripsPageView.swift in Sources */,
				18D9713829BD84480064DC2A /* FriendProfilePageView.swift in Sources */,
				ACA4016729C768B60076E183 /* ProfileFriendsViewModel.swift in Sources */,
				18D9713A29BD86330064DC2A /* FriendsListPageView.swift in Sources */,
				D7F6A9D029C6E755006FBD26 /* DatabaseConnector.swift in Sources */,
				18591C8529BCDB7700FA987D /* SearchBarView.swift in Sources */,
				18D9714229BD93F20064DC2A /* MockEvents.swift in Sources */,
				AC32F96529BA33440005F5B9 /* ProfileHeaderView.swift in Sources */,
				18A1AC5A29BB12CB0064CF37 /* DateFormatter.swift in Sources */,
				188C147529CDA3A600531F9F /* LabelledToggleView.swift in Sources */,
				18C3660629C0227C00AF0338 /* ChatMessageView.swift in Sources */,
				18D9714429BD9AF80064DC2A /* EventsStore.swift in Sources */,
				AC28033729C61D7D00687D62 /* ChatViewModelDelegate.swift in Sources */,
				AC75222929BCBF8100E7C6E7 /* ProfileFriendsView.swift in Sources */,
				AC63059E29BDA43F00EEEA85 /* ChatHeaderView.swift in Sources */,
				ACA4016929C769A70076E183 /* EditProfileViewModel.swift in Sources */,
				188EBDAE29C183E5002735F0 /* EditProfileView.swift in Sources */,
				B43AFA5729CA06BD0029AB85 /* RestApi.swift in Sources */,
				188061A129C05DBE004FB831 /* EventStatusButton.swift in Sources */,
				18C3660429C020D800AF0338 /* Chat.swift in Sources */,
				B4C3536529C0A64A0073931C /* EventRepository.swift in Sources */,
				AC32F96D29BA3DBB0005F5B9 /* MapPageView.swift in Sources */,
				B44CB22B29C03954007588DC /* MainRepository.swift in Sources */,
				B4C3536129C0A5BE0073931C /* FriendRepository.swift in Sources */,
				AC32F94929B9EB8C0005F5B9 /* MapView.swift in Sources */,
				18F72A3829B997F40084B94A /* LoginView.swift in Sources */,
				AC32F95329BA02700005F5B9 /* CalendarView.swift in Sources */,
				181C746D29BDDBEF00E6D3B1 /* AttendeesView.swift in Sources */,
				188C147929CDC31100531F9F /* MapRepository.swift in Sources */,
				B4E9460E29C5A6BB001B65EE /* HTTPClientRequest+NodeAuth.swift in Sources */,
				ACA4016329C765DC0076E183 /* ProfileHeaderViewModel.swift in Sources */,
				1893D29329BF295400B61BC9 /* ChatMessage.swift in Sources */,
				188EBDB529C1B08B002735F0 /* URLImageView.swift in Sources */,
				AC32F96229BA2AD90005F5B9 /* ChatPageCellView.swift in Sources */,
				185CBD0E29CC0FE6008C3B79 /* FriendsLocationViewModel.swift in Sources */,
				18A1AC5629BB12940064CF37 /* Calendar.swift in Sources */,
				B4C3536F29C0A88F0073931C /* NodeApi.swift in Sources */,
				AC32F95D29BA1A260005F5B9 /* InvitePageView.swift in Sources */,
				188EBDBE29C1B4AC002735F0 /* TripPageView.swift in Sources */,
				B46B0A6F29CCA9A2006F2BA2 /* UpdateUserApiModel.swift in Sources */,
				AC63059C29BDA34F00EEEA85 /* ChatView.swift in Sources */,
				181C746F29BDDEB700E6D3B1 /* ActionMenuButton.swift in Sources */,
				B4E9460A29C35CEF001B65EE /* SotravelError.swift in Sources */,
				B4C3536329C0A5D30073931C /* TripRepository.swift in Sources */,
				188EBDBB29C1B142002735F0 /* MockTrips.swift in Sources */,
				ACF2B20529CDB4DB0017A9F0 /* EventViewModel.swift in Sources */,
				188EBDB329C1B053002735F0 /* Trip.swift in Sources */,
				188EBDB729C1B11F002735F0 /* TripCardView.swift in Sources */,
				AC6305A629BDC60300EEEA85 /* RecentActivityView.swift in Sources */,
				18A1AC5429BB121A0064CF37 /* DateCellView.swift in Sources */,
				18BE7F2729BDEDBE0035DE2C /* UserHorizontalListView.swift in Sources */,
				AC28033529C61D6800687D62 /* ChatViewModel.swift in Sources */,
				ACA4016529C7664D0076E183 /* SocialMediaLinksViewModel.swift in Sources */,
				18D736A729C03A7C00EB7439 /* KeyboardResponder.swift in Sources */,
				AC18140629C43E1A008D6944 /* UserService.swift in Sources */,
				B4C3536C29C0A7930073931C /* UserRepositoryNode.swift in Sources */,
				B4C3536A29C0A7460073931C /* UserRepository.swift in Sources */,
				1866DE6029B993E3005D9F59 /* ContentView.swift in Sources */,
				B46B0A7129CCB148006F2BA2 /* Encodable+Subscriptable.swift in Sources */,
				18D9713529BD7CC90064DC2A /* UserListItemView.swift in Sources */,
				18898CAD29CC41BF00FFD991 /* UserAnnotationView.swift in Sources */,
				18D9713529BD7CC90064DC2A /* UserListItemView.swift in Sources */,
				18B33DAF29BE06E60036B51E /* CreateInvitePageView.swift in Sources */,
				B43AFA6029CA0C390029AB85 /* AppDelegate+Injection.swif.swift in Sources */,
				AC6305A429BDC51500EEEA85 /* SocialMediaLinksView.swift in Sources */,
				18591C8329BCDB2800FA987D /* ProfileImageView.swift in Sources */,
				B46B0A8129CEC6B4006F2BA2 /* MapViewModel.swift in Sources */,
				18DEC58029B9A3D600B3228A /* Color.swift in Sources */,
				AC32F96B29BA38CE0005F5B9 /* ProfilePageView.swift in Sources */,
				AC11B87E29CB0C2500ADE703 /* EventService.swift in Sources */,
				18A1AC5829BB12B90064CF37 /* Date.swift in Sources */,
				1866DE5E29B993E3005D9F59 /* SotravelApp.swift in Sources */,
				AC6305A229BDA6E600EEEA85 /* ChatCellView.swift in Sources */,
			);
			runOnlyForDeploymentPostprocessing = 0;
		};
		B4C3538529C180310073931C /* Sources */ = {
			isa = PBXSourcesBuildPhase;
			buildActionMask = 2147483647;
			files = (
				B4C3538C29C180310073931C /* SotravelTests.swift in Sources */,
			);
			runOnlyForDeploymentPostprocessing = 0;
		};
/* End PBXSourcesBuildPhase section */

/* Begin PBXTargetDependency section */
		B4C3538E29C180310073931C /* PBXTargetDependency */ = {
			isa = PBXTargetDependency;
			target = 1866DE5929B993E3005D9F59 /* Sotravel */;
			targetProxy = B4C3538D29C180310073931C /* PBXContainerItemProxy */;
		};
/* End PBXTargetDependency section */

/* Begin XCBuildConfiguration section */
		1866DE6629B993E5005D9F59 /* Debug */ = {
			isa = XCBuildConfiguration;
			buildSettings = {
				ALWAYS_SEARCH_USER_PATHS = NO;
				CLANG_ANALYZER_NONNULL = YES;
				CLANG_ANALYZER_NUMBER_OBJECT_CONVERSION = YES_AGGRESSIVE;
				CLANG_CXX_LANGUAGE_STANDARD = "gnu++20";
				CLANG_ENABLE_MODULES = YES;
				CLANG_ENABLE_OBJC_ARC = YES;
				CLANG_ENABLE_OBJC_WEAK = YES;
				CLANG_WARN_BLOCK_CAPTURE_AUTORELEASING = YES;
				CLANG_WARN_BOOL_CONVERSION = YES;
				CLANG_WARN_COMMA = YES;
				CLANG_WARN_CONSTANT_CONVERSION = YES;
				CLANG_WARN_DEPRECATED_OBJC_IMPLEMENTATIONS = YES;
				CLANG_WARN_DIRECT_OBJC_ISA_USAGE = YES_ERROR;
				CLANG_WARN_DOCUMENTATION_COMMENTS = YES;
				CLANG_WARN_EMPTY_BODY = YES;
				CLANG_WARN_ENUM_CONVERSION = YES;
				CLANG_WARN_INFINITE_RECURSION = YES;
				CLANG_WARN_INT_CONVERSION = YES;
				CLANG_WARN_NON_LITERAL_NULL_CONVERSION = YES;
				CLANG_WARN_OBJC_IMPLICIT_RETAIN_SELF = YES;
				CLANG_WARN_OBJC_LITERAL_CONVERSION = YES;
				CLANG_WARN_OBJC_ROOT_CLASS = YES_ERROR;
				CLANG_WARN_QUOTED_INCLUDE_IN_FRAMEWORK_HEADER = YES;
				CLANG_WARN_RANGE_LOOP_ANALYSIS = YES;
				CLANG_WARN_STRICT_PROTOTYPES = YES;
				CLANG_WARN_SUSPICIOUS_MOVE = YES;
				CLANG_WARN_UNGUARDED_AVAILABILITY = YES_AGGRESSIVE;
				CLANG_WARN_UNREACHABLE_CODE = YES;
				CLANG_WARN__DUPLICATE_METHOD_MATCH = YES;
				COPY_PHASE_STRIP = NO;
				DEBUG_INFORMATION_FORMAT = dwarf;
				ENABLE_STRICT_OBJC_MSGSEND = YES;
				ENABLE_TESTABILITY = YES;
				GCC_C_LANGUAGE_STANDARD = gnu11;
				GCC_DYNAMIC_NO_PIC = NO;
				GCC_NO_COMMON_BLOCKS = YES;
				GCC_OPTIMIZATION_LEVEL = 0;
				GCC_PREPROCESSOR_DEFINITIONS = (
					"DEBUG=1",
					"$(inherited)",
				);
				GCC_WARN_64_TO_32_BIT_CONVERSION = YES;
				GCC_WARN_ABOUT_RETURN_TYPE = YES_ERROR;
				GCC_WARN_UNDECLARED_SELECTOR = YES;
				GCC_WARN_UNINITIALIZED_AUTOS = YES_AGGRESSIVE;
				GCC_WARN_UNUSED_FUNCTION = YES;
				GCC_WARN_UNUSED_VARIABLE = YES;
				IPHONEOS_DEPLOYMENT_TARGET = 16.2;
				MTL_ENABLE_DEBUG_INFO = INCLUDE_SOURCE;
				MTL_FAST_MATH = YES;
				ONLY_ACTIVE_ARCH = YES;
				SDKROOT = iphoneos;
				SWIFT_ACTIVE_COMPILATION_CONDITIONS = DEBUG;
				SWIFT_OPTIMIZATION_LEVEL = "-Onone";
			};
			name = Debug;
		};
		1866DE6729B993E5005D9F59 /* Release */ = {
			isa = XCBuildConfiguration;
			buildSettings = {
				ALWAYS_SEARCH_USER_PATHS = NO;
				CLANG_ANALYZER_NONNULL = YES;
				CLANG_ANALYZER_NUMBER_OBJECT_CONVERSION = YES_AGGRESSIVE;
				CLANG_CXX_LANGUAGE_STANDARD = "gnu++20";
				CLANG_ENABLE_MODULES = YES;
				CLANG_ENABLE_OBJC_ARC = YES;
				CLANG_ENABLE_OBJC_WEAK = YES;
				CLANG_WARN_BLOCK_CAPTURE_AUTORELEASING = YES;
				CLANG_WARN_BOOL_CONVERSION = YES;
				CLANG_WARN_COMMA = YES;
				CLANG_WARN_CONSTANT_CONVERSION = YES;
				CLANG_WARN_DEPRECATED_OBJC_IMPLEMENTATIONS = YES;
				CLANG_WARN_DIRECT_OBJC_ISA_USAGE = YES_ERROR;
				CLANG_WARN_DOCUMENTATION_COMMENTS = YES;
				CLANG_WARN_EMPTY_BODY = YES;
				CLANG_WARN_ENUM_CONVERSION = YES;
				CLANG_WARN_INFINITE_RECURSION = YES;
				CLANG_WARN_INT_CONVERSION = YES;
				CLANG_WARN_NON_LITERAL_NULL_CONVERSION = YES;
				CLANG_WARN_OBJC_IMPLICIT_RETAIN_SELF = YES;
				CLANG_WARN_OBJC_LITERAL_CONVERSION = YES;
				CLANG_WARN_OBJC_ROOT_CLASS = YES_ERROR;
				CLANG_WARN_QUOTED_INCLUDE_IN_FRAMEWORK_HEADER = YES;
				CLANG_WARN_RANGE_LOOP_ANALYSIS = YES;
				CLANG_WARN_STRICT_PROTOTYPES = YES;
				CLANG_WARN_SUSPICIOUS_MOVE = YES;
				CLANG_WARN_UNGUARDED_AVAILABILITY = YES_AGGRESSIVE;
				CLANG_WARN_UNREACHABLE_CODE = YES;
				CLANG_WARN__DUPLICATE_METHOD_MATCH = YES;
				COPY_PHASE_STRIP = NO;
				DEBUG_INFORMATION_FORMAT = "dwarf-with-dsym";
				ENABLE_NS_ASSERTIONS = NO;
				ENABLE_STRICT_OBJC_MSGSEND = YES;
				GCC_C_LANGUAGE_STANDARD = gnu11;
				GCC_NO_COMMON_BLOCKS = YES;
				GCC_WARN_64_TO_32_BIT_CONVERSION = YES;
				GCC_WARN_ABOUT_RETURN_TYPE = YES_ERROR;
				GCC_WARN_UNDECLARED_SELECTOR = YES;
				GCC_WARN_UNINITIALIZED_AUTOS = YES_AGGRESSIVE;
				GCC_WARN_UNUSED_FUNCTION = YES;
				GCC_WARN_UNUSED_VARIABLE = YES;
				IPHONEOS_DEPLOYMENT_TARGET = 16.2;
				MTL_ENABLE_DEBUG_INFO = NO;
				MTL_FAST_MATH = YES;
				SDKROOT = iphoneos;
				SWIFT_COMPILATION_MODE = wholemodule;
				SWIFT_OPTIMIZATION_LEVEL = "-O";
				VALIDATE_PRODUCT = YES;
			};
			name = Release;
		};
		1866DE6929B993E5005D9F59 /* Debug */ = {
			isa = XCBuildConfiguration;
			buildSettings = {
				ASSETCATALOG_COMPILER_APPICON_NAME = AppIcon;
				ASSETCATALOG_COMPILER_GLOBAL_ACCENT_COLOR_NAME = AccentColor;
				CODE_SIGN_STYLE = Automatic;
				CURRENT_PROJECT_VERSION = 1;
				DEVELOPMENT_ASSET_PATHS = "\"Sotravel/Preview Content\"";
				DEVELOPMENT_TEAM = 2BCB7ZXRT9;
				ENABLE_PREVIEWS = YES;
				GENERATE_INFOPLIST_FILE = YES;
				INFOPLIST_FILE = Sotravel/Info.plist;
				INFOPLIST_KEY_UIApplicationSceneManifest_Generation = YES;
				INFOPLIST_KEY_UIApplicationSupportsIndirectInputEvents = YES;
				INFOPLIST_KEY_UILaunchScreen_Generation = YES;
				INFOPLIST_KEY_UISupportedInterfaceOrientations = UIInterfaceOrientationPortrait;
				INFOPLIST_KEY_UISupportedInterfaceOrientations_iPad = "UIInterfaceOrientationLandscapeLeft UIInterfaceOrientationLandscapeRight UIInterfaceOrientationPortrait UIInterfaceOrientationPortraitUpsideDown";
				IPHONEOS_DEPLOYMENT_TARGET = 15.0;
				LD_RUNPATH_SEARCH_PATHS = (
					"$(inherited)",
					"@executable_path/Frameworks",
				);
				MARKETING_VERSION = 1.0;
				PRODUCT_BUNDLE_IDENTIFIER = com.example.Sotravel;
				PRODUCT_NAME = "$(TARGET_NAME)";
				SUPPORTED_PLATFORMS = "iphoneos iphonesimulator";
				SUPPORTS_MACCATALYST = NO;
				SUPPORTS_MAC_DESIGNED_FOR_IPHONE_IPAD = NO;
				SWIFT_EMIT_LOC_STRINGS = YES;
				SWIFT_VERSION = 5.0;
				TARGETED_DEVICE_FAMILY = 1;
			};
			name = Debug;
		};
		1866DE6A29B993E5005D9F59 /* Release */ = {
			isa = XCBuildConfiguration;
			buildSettings = {
				ASSETCATALOG_COMPILER_APPICON_NAME = AppIcon;
				ASSETCATALOG_COMPILER_GLOBAL_ACCENT_COLOR_NAME = AccentColor;
				CODE_SIGN_STYLE = Automatic;
				CURRENT_PROJECT_VERSION = 1;
				DEVELOPMENT_ASSET_PATHS = "\"Sotravel/Preview Content\"";
				DEVELOPMENT_TEAM = 2BCB7ZXRT9;
				ENABLE_PREVIEWS = YES;
				GENERATE_INFOPLIST_FILE = YES;
				INFOPLIST_FILE = Sotravel/Info.plist;
				INFOPLIST_KEY_UIApplicationSceneManifest_Generation = YES;
				INFOPLIST_KEY_UIApplicationSupportsIndirectInputEvents = YES;
				INFOPLIST_KEY_UILaunchScreen_Generation = YES;
				INFOPLIST_KEY_UISupportedInterfaceOrientations = UIInterfaceOrientationPortrait;
				INFOPLIST_KEY_UISupportedInterfaceOrientations_iPad = "UIInterfaceOrientationLandscapeLeft UIInterfaceOrientationLandscapeRight UIInterfaceOrientationPortrait UIInterfaceOrientationPortraitUpsideDown";
				IPHONEOS_DEPLOYMENT_TARGET = 15.0;
				LD_RUNPATH_SEARCH_PATHS = (
					"$(inherited)",
					"@executable_path/Frameworks",
				);
				MARKETING_VERSION = 1.0;
				PRODUCT_BUNDLE_IDENTIFIER = com.example.Sotravel;
				PRODUCT_NAME = "$(TARGET_NAME)";
				SUPPORTED_PLATFORMS = "iphoneos iphonesimulator";
				SUPPORTS_MACCATALYST = NO;
				SUPPORTS_MAC_DESIGNED_FOR_IPHONE_IPAD = NO;
				SWIFT_EMIT_LOC_STRINGS = YES;
				SWIFT_VERSION = 5.0;
				TARGETED_DEVICE_FAMILY = 1;
			};
			name = Release;
		};
		B4C3539029C180310073931C /* Debug */ = {
			isa = XCBuildConfiguration;
			buildSettings = {
				BUNDLE_LOADER = "$(TEST_HOST)";
				CODE_SIGN_STYLE = Automatic;
				CURRENT_PROJECT_VERSION = 1;
				GENERATE_INFOPLIST_FILE = YES;
				MARKETING_VERSION = 1.0;
				PRODUCT_BUNDLE_IDENTIFIER = drwala.SotravelTests;
				PRODUCT_NAME = "$(TARGET_NAME)";
				SUPPORTED_PLATFORMS = "iphoneos iphonesimulator";
				SUPPORTS_MACCATALYST = NO;
				SUPPORTS_MAC_DESIGNED_FOR_IPHONE_IPAD = NO;
				SWIFT_EMIT_LOC_STRINGS = NO;
				SWIFT_VERSION = 5.0;
				TARGETED_DEVICE_FAMILY = 1;
				TEST_HOST = "$(BUILT_PRODUCTS_DIR)/Sotravel.app/$(BUNDLE_EXECUTABLE_FOLDER_PATH)/Sotravel";
			};
			name = Debug;
		};
		B4C3539129C180310073931C /* Release */ = {
			isa = XCBuildConfiguration;
			buildSettings = {
				BUNDLE_LOADER = "$(TEST_HOST)";
				CODE_SIGN_STYLE = Automatic;
				CURRENT_PROJECT_VERSION = 1;
				GENERATE_INFOPLIST_FILE = YES;
				MARKETING_VERSION = 1.0;
				PRODUCT_BUNDLE_IDENTIFIER = drwala.SotravelTests;
				PRODUCT_NAME = "$(TARGET_NAME)";
				SUPPORTED_PLATFORMS = "iphoneos iphonesimulator";
				SUPPORTS_MACCATALYST = NO;
				SUPPORTS_MAC_DESIGNED_FOR_IPHONE_IPAD = NO;
				SWIFT_EMIT_LOC_STRINGS = NO;
				SWIFT_VERSION = 5.0;
				TARGETED_DEVICE_FAMILY = 1;
				TEST_HOST = "$(BUILT_PRODUCTS_DIR)/Sotravel.app/$(BUNDLE_EXECUTABLE_FOLDER_PATH)/Sotravel";
			};
			name = Release;
		};
/* End XCBuildConfiguration section */

/* Begin XCConfigurationList section */
		1866DE5529B993E3005D9F59 /* Build configuration list for PBXProject "Sotravel" */ = {
			isa = XCConfigurationList;
			buildConfigurations = (
				1866DE6629B993E5005D9F59 /* Debug */,
				1866DE6729B993E5005D9F59 /* Release */,
			);
			defaultConfigurationIsVisible = 0;
			defaultConfigurationName = Release;
		};
		1866DE6829B993E5005D9F59 /* Build configuration list for PBXNativeTarget "Sotravel" */ = {
			isa = XCConfigurationList;
			buildConfigurations = (
				1866DE6929B993E5005D9F59 /* Debug */,
				1866DE6A29B993E5005D9F59 /* Release */,
			);
			defaultConfigurationIsVisible = 0;
			defaultConfigurationName = Release;
		};
		B4C3538F29C180310073931C /* Build configuration list for PBXNativeTarget "SotravelTests" */ = {
			isa = XCConfigurationList;
			buildConfigurations = (
				B4C3539029C180310073931C /* Debug */,
				B4C3539129C180310073931C /* Release */,
			);
			defaultConfigurationIsVisible = 0;
			defaultConfigurationName = Release;
		};
/* End XCConfigurationList section */

/* Begin XCRemoteSwiftPackageReference section */
		B43AFA6929CA0E230029AB85 /* XCRemoteSwiftPackageReference "Resolver" */ = {
			isa = XCRemoteSwiftPackageReference;
			repositoryURL = "https://github.com/hmlongco/Resolver.git";
			requirement = {
				branch = master;
				kind = branch;
			};
		};
		B4C3537029C0AA3D0073931C /* XCRemoteSwiftPackageReference "async-http-client" */ = {
			isa = XCRemoteSwiftPackageReference;
			repositoryURL = "https://github.com/swift-server/async-http-client.git";
			requirement = {
				kind = upToNextMajorVersion;
				minimumVersion = 1.0.0;
			};
		};
		D7F6A9BD29C5B55B006FBD26 /* XCRemoteSwiftPackageReference "firebase-ios-sdk" */ = {
			isa = XCRemoteSwiftPackageReference;
			repositoryURL = "https://github.com/firebase/firebase-ios-sdk";
			requirement = {
				kind = upToNextMajorVersion;
				minimumVersion = 9.0.0;
			};
		};
/* End XCRemoteSwiftPackageReference section */

/* Begin XCSwiftPackageProductDependency section */
		B43AFA6A29CA0E230029AB85 /* Resolver */ = {
			isa = XCSwiftPackageProductDependency;
			package = B43AFA6929CA0E230029AB85 /* XCRemoteSwiftPackageReference "Resolver" */;
			productName = Resolver;
		};
		B4C3537129C0AA3D0073931C /* AsyncHTTPClient */ = {
			isa = XCSwiftPackageProductDependency;
			package = B4C3537029C0AA3D0073931C /* XCRemoteSwiftPackageReference "async-http-client" */;
			productName = AsyncHTTPClient;
		};
		B4C3539329C182C50073931C /* AsyncHTTPClient */ = {
			isa = XCSwiftPackageProductDependency;
			package = B4C3537029C0AA3D0073931C /* XCRemoteSwiftPackageReference "async-http-client" */;
			productName = AsyncHTTPClient;
		};
		D7F6A9BE29C5B55B006FBD26 /* FirebaseAnalytics */ = {
			isa = XCSwiftPackageProductDependency;
			package = D7F6A9BD29C5B55B006FBD26 /* XCRemoteSwiftPackageReference "firebase-ios-sdk" */;
			productName = FirebaseAnalytics;
		};
		D7F6A9C029C5B55B006FBD26 /* FirebaseAuth */ = {
			isa = XCSwiftPackageProductDependency;
			package = D7F6A9BD29C5B55B006FBD26 /* XCRemoteSwiftPackageReference "firebase-ios-sdk" */;
			productName = FirebaseAuth;
		};
		D7F6A9C229C5B55B006FBD26 /* FirebaseDatabase */ = {
			isa = XCSwiftPackageProductDependency;
			package = D7F6A9BD29C5B55B006FBD26 /* XCRemoteSwiftPackageReference "firebase-ios-sdk" */;
			productName = FirebaseDatabase;
		};
		D7F6A9C429C5B55B006FBD26 /* FirebaseFirestore */ = {
			isa = XCSwiftPackageProductDependency;
			package = D7F6A9BD29C5B55B006FBD26 /* XCRemoteSwiftPackageReference "firebase-ios-sdk" */;
			productName = FirebaseFirestore;
		};
		D7F6A9C629C5B55B006FBD26 /* FirebaseMessaging */ = {
			isa = XCSwiftPackageProductDependency;
			package = D7F6A9BD29C5B55B006FBD26 /* XCRemoteSwiftPackageReference "firebase-ios-sdk" */;
			productName = FirebaseMessaging;
		};
		D7F6A9C829C5B55B006FBD26 /* FirebaseStorage */ = {
			isa = XCSwiftPackageProductDependency;
			package = D7F6A9BD29C5B55B006FBD26 /* XCRemoteSwiftPackageReference "firebase-ios-sdk" */;
			productName = FirebaseStorage;
		};
/* End XCSwiftPackageProductDependency section */
	};
	rootObject = 1866DE5229B993E3005D9F59 /* Project object */;
}
