// !$*UTF8*$!
{
	archiveVersion = 1;
	classes = {
	};
	objectVersion = 56;
	objects = {

/* Begin PBXBuildFile section */
		1866DE5E29B993E3005D9F59 /* SotravelApp.swift in Sources */ = {isa = PBXBuildFile; fileRef = 1866DE5D29B993E3005D9F59 /* SotravelApp.swift */; };
		1866DE6029B993E3005D9F59 /* ContentView.swift in Sources */ = {isa = PBXBuildFile; fileRef = 1866DE5F29B993E3005D9F59 /* ContentView.swift */; };
		1866DE6229B993E5005D9F59 /* Assets.xcassets in Resources */ = {isa = PBXBuildFile; fileRef = 1866DE6129B993E5005D9F59 /* Assets.xcassets */; };
		1866DE6529B993E5005D9F59 /* Preview Assets.xcassets in Resources */ = {isa = PBXBuildFile; fileRef = 1866DE6429B993E5005D9F59 /* Preview Assets.xcassets */; };
		18A1AC5429BB121A0064CF37 /* DateCellView.swift in Sources */ = {isa = PBXBuildFile; fileRef = 18A1AC5329BB121A0064CF37 /* DateCellView.swift */; };
		18A1AC5629BB12940064CF37 /* Calendar.swift in Sources */ = {isa = PBXBuildFile; fileRef = 18A1AC5529BB12940064CF37 /* Calendar.swift */; };
		18A1AC5829BB12B90064CF37 /* Date.swift in Sources */ = {isa = PBXBuildFile; fileRef = 18A1AC5729BB12B90064CF37 /* Date.swift */; };
		18A1AC5A29BB12CB0064CF37 /* DateFormatter.swift in Sources */ = {isa = PBXBuildFile; fileRef = 18A1AC5929BB12CB0064CF37 /* DateFormatter.swift */; };
		18DEC57729B9A18500B3228A /* Manrope-Bold.ttf in Resources */ = {isa = PBXBuildFile; fileRef = 18DEC57329B9A18500B3228A /* Manrope-Bold.ttf */; };
		18DEC57829B9A18500B3228A /* Manrope-SemiBold.ttf in Resources */ = {isa = PBXBuildFile; fileRef = 18DEC57429B9A18500B3228A /* Manrope-SemiBold.ttf */; };
		18DEC57929B9A18500B3228A /* Manrope-Regular.ttf in Resources */ = {isa = PBXBuildFile; fileRef = 18DEC57529B9A18500B3228A /* Manrope-Regular.ttf */; };
		18DEC57A29B9A18500B3228A /* Manrope-Medium.ttf in Resources */ = {isa = PBXBuildFile; fileRef = 18DEC57629B9A18500B3228A /* Manrope-Medium.ttf */; };
		18DEC57E29B9A29700B3228A /* Font.swift in Sources */ = {isa = PBXBuildFile; fileRef = 18DEC57D29B9A29700B3228A /* Font.swift */; };
		18DEC58029B9A3D600B3228A /* Color.swift in Sources */ = {isa = PBXBuildFile; fileRef = 18DEC57F29B9A3D600B3228A /* Color.swift */; };
		18F72A3829B997F40084B94A /* LoginView.swift in Sources */ = {isa = PBXBuildFile; fileRef = 18F72A3729B997F40084B94A /* LoginView.swift */; };
		AC32F94929B9EB8C0005F5B9 /* MapView.swift in Sources */ = {isa = PBXBuildFile; fileRef = AC32F94829B9EB8C0005F5B9 /* MapView.swift */; };
		AC32F94F29B9F3400005F5B9 /* ColoredDividerView.swift in Sources */ = {isa = PBXBuildFile; fileRef = AC32F94E29B9F3400005F5B9 /* ColoredDividerView.swift */; };
		AC32F95329BA02700005F5B9 /* CalendarView.swift in Sources */ = {isa = PBXBuildFile; fileRef = AC32F95229BA02700005F5B9 /* CalendarView.swift */; };
		AC32F95B29BA11B20005F5B9 /* EventView.swift in Sources */ = {isa = PBXBuildFile; fileRef = AC32F95A29BA11B20005F5B9 /* EventView.swift */; };
		AC32F95D29BA1A260005F5B9 /* InvitePageView.swift in Sources */ = {isa = PBXBuildFile; fileRef = AC32F95C29BA1A260005F5B9 /* InvitePageView.swift */; };
		AC32F96029BA2A930005F5B9 /* ChatPageView.swift in Sources */ = {isa = PBXBuildFile; fileRef = AC32F95F29BA2A930005F5B9 /* ChatPageView.swift */; };
		AC32F96229BA2AD90005F5B9 /* MessageView.swift in Sources */ = {isa = PBXBuildFile; fileRef = AC32F96129BA2AD90005F5B9 /* MessageView.swift */; };
		AC32F96529BA33440005F5B9 /* ProfileHeaderView.swift in Sources */ = {isa = PBXBuildFile; fileRef = AC32F96429BA33440005F5B9 /* ProfileHeaderView.swift */; };
		AC32F96B29BA38CE0005F5B9 /* ProfilePageView.swift in Sources */ = {isa = PBXBuildFile; fileRef = AC32F96A29BA38CE0005F5B9 /* ProfilePageView.swift */; };
		AC32F96D29BA3DBB0005F5B9 /* MapPageView.swift in Sources */ = {isa = PBXBuildFile; fileRef = AC32F96C29BA3DBB0005F5B9 /* MapPageView.swift */; };
		AC75222729BCBD0A00E7C6E7 /* ProfileTextView.swift in Sources */ = {isa = PBXBuildFile; fileRef = AC75222629BCBD0A00E7C6E7 /* ProfileTextView.swift */; };
		AC75222929BCBF8100E7C6E7 /* FriendsView.swift in Sources */ = {isa = PBXBuildFile; fileRef = AC75222829BCBF8100E7C6E7 /* FriendsView.swift */; };
		AC75222B29BCBF8B00E7C6E7 /* FriendsCellView.swift in Sources */ = {isa = PBXBuildFile; fileRef = AC75222A29BCBF8B00E7C6E7 /* FriendsCellView.swift */; };
/* End PBXBuildFile section */

/* Begin PBXFileReference section */
		1866DE5A29B993E3005D9F59 /* Sotravel.app */ = {isa = PBXFileReference; explicitFileType = wrapper.application; includeInIndex = 0; path = Sotravel.app; sourceTree = BUILT_PRODUCTS_DIR; };
		1866DE5D29B993E3005D9F59 /* SotravelApp.swift */ = {isa = PBXFileReference; lastKnownFileType = sourcecode.swift; path = SotravelApp.swift; sourceTree = "<group>"; };
		1866DE5F29B993E3005D9F59 /* ContentView.swift */ = {isa = PBXFileReference; lastKnownFileType = sourcecode.swift; path = ContentView.swift; sourceTree = "<group>"; };
		1866DE6129B993E5005D9F59 /* Assets.xcassets */ = {isa = PBXFileReference; lastKnownFileType = folder.assetcatalog; path = Assets.xcassets; sourceTree = "<group>"; };
		1866DE6429B993E5005D9F59 /* Preview Assets.xcassets */ = {isa = PBXFileReference; lastKnownFileType = folder.assetcatalog; path = "Preview Assets.xcassets"; sourceTree = "<group>"; };
		18A1AC5329BB121A0064CF37 /* DateCellView.swift */ = {isa = PBXFileReference; lastKnownFileType = sourcecode.swift; path = DateCellView.swift; sourceTree = "<group>"; };
		18A1AC5529BB12940064CF37 /* Calendar.swift */ = {isa = PBXFileReference; lastKnownFileType = sourcecode.swift; path = Calendar.swift; sourceTree = "<group>"; };
		18A1AC5729BB12B90064CF37 /* Date.swift */ = {isa = PBXFileReference; lastKnownFileType = sourcecode.swift; path = Date.swift; sourceTree = "<group>"; };
		18A1AC5929BB12CB0064CF37 /* DateFormatter.swift */ = {isa = PBXFileReference; lastKnownFileType = sourcecode.swift; path = DateFormatter.swift; sourceTree = "<group>"; };
		18DEC57329B9A18500B3228A /* Manrope-Bold.ttf */ = {isa = PBXFileReference; lastKnownFileType = file; path = "Manrope-Bold.ttf"; sourceTree = "<group>"; };
		18DEC57429B9A18500B3228A /* Manrope-SemiBold.ttf */ = {isa = PBXFileReference; lastKnownFileType = file; path = "Manrope-SemiBold.ttf"; sourceTree = "<group>"; };
		18DEC57529B9A18500B3228A /* Manrope-Regular.ttf */ = {isa = PBXFileReference; lastKnownFileType = file; path = "Manrope-Regular.ttf"; sourceTree = "<group>"; };
		18DEC57629B9A18500B3228A /* Manrope-Medium.ttf */ = {isa = PBXFileReference; lastKnownFileType = file; path = "Manrope-Medium.ttf"; sourceTree = "<group>"; };
		18DEC57B29B9A1F400B3228A /* Info.plist */ = {isa = PBXFileReference; lastKnownFileType = text.plist; path = Info.plist; sourceTree = "<group>"; };
		18DEC57D29B9A29700B3228A /* Font.swift */ = {isa = PBXFileReference; lastKnownFileType = sourcecode.swift; path = Font.swift; sourceTree = "<group>"; };
		18DEC57F29B9A3D600B3228A /* Color.swift */ = {isa = PBXFileReference; lastKnownFileType = sourcecode.swift; path = Color.swift; sourceTree = "<group>"; };
		18F72A3729B997F40084B94A /* LoginView.swift */ = {isa = PBXFileReference; lastKnownFileType = sourcecode.swift; path = LoginView.swift; sourceTree = "<group>"; };
		AC32F94829B9EB8C0005F5B9 /* MapView.swift */ = {isa = PBXFileReference; lastKnownFileType = sourcecode.swift; path = MapView.swift; sourceTree = "<group>"; };
		AC32F94E29B9F3400005F5B9 /* ColoredDividerView.swift */ = {isa = PBXFileReference; lastKnownFileType = sourcecode.swift; path = ColoredDividerView.swift; sourceTree = "<group>"; };
		AC32F95229BA02700005F5B9 /* CalendarView.swift */ = {isa = PBXFileReference; lastKnownFileType = sourcecode.swift; path = CalendarView.swift; sourceTree = "<group>"; };
		AC32F95A29BA11B20005F5B9 /* EventView.swift */ = {isa = PBXFileReference; lastKnownFileType = sourcecode.swift; path = EventView.swift; sourceTree = "<group>"; };
		AC32F95C29BA1A260005F5B9 /* InvitePageView.swift */ = {isa = PBXFileReference; lastKnownFileType = sourcecode.swift; path = InvitePageView.swift; sourceTree = "<group>"; };
		AC32F95F29BA2A930005F5B9 /* ChatPageView.swift */ = {isa = PBXFileReference; lastKnownFileType = sourcecode.swift; path = ChatPageView.swift; sourceTree = "<group>"; };
		AC32F96129BA2AD90005F5B9 /* MessageView.swift */ = {isa = PBXFileReference; lastKnownFileType = sourcecode.swift; path = MessageView.swift; sourceTree = "<group>"; };
		AC32F96429BA33440005F5B9 /* ProfileHeaderView.swift */ = {isa = PBXFileReference; lastKnownFileType = sourcecode.swift; path = ProfileHeaderView.swift; sourceTree = "<group>"; };
		AC32F96A29BA38CE0005F5B9 /* ProfilePageView.swift */ = {isa = PBXFileReference; lastKnownFileType = sourcecode.swift; path = ProfilePageView.swift; sourceTree = "<group>"; };
		AC32F96C29BA3DBB0005F5B9 /* MapPageView.swift */ = {isa = PBXFileReference; lastKnownFileType = sourcecode.swift; path = MapPageView.swift; sourceTree = "<group>"; };
		AC75222629BCBD0A00E7C6E7 /* ProfileTextView.swift */ = {isa = PBXFileReference; lastKnownFileType = sourcecode.swift; path = ProfileTextView.swift; sourceTree = "<group>"; };
		AC75222829BCBF8100E7C6E7 /* FriendsView.swift */ = {isa = PBXFileReference; lastKnownFileType = sourcecode.swift; path = FriendsView.swift; sourceTree = "<group>"; };
		AC75222A29BCBF8B00E7C6E7 /* FriendsCellView.swift */ = {isa = PBXFileReference; lastKnownFileType = sourcecode.swift; path = FriendsCellView.swift; sourceTree = "<group>"; };
/* End PBXFileReference section */

/* Begin PBXFrameworksBuildPhase section */
		1866DE5729B993E3005D9F59 /* Frameworks */ = {
			isa = PBXFrameworksBuildPhase;
			buildActionMask = 2147483647;
			files = (
			);
			runOnlyForDeploymentPostprocessing = 0;
		};
/* End PBXFrameworksBuildPhase section */

/* Begin PBXGroup section */
		1866DE5129B993E3005D9F59 = {
			isa = PBXGroup;
			children = (
				1866DE5C29B993E3005D9F59 /* Sotravel */,
				1866DE5B29B993E3005D9F59 /* Products */,
			);
			sourceTree = "<group>";
		};
		1866DE5B29B993E3005D9F59 /* Products */ = {
			isa = PBXGroup;
			children = (
				1866DE5A29B993E3005D9F59 /* Sotravel.app */,
			);
			name = Products;
			sourceTree = "<group>";
		};
		1866DE5C29B993E3005D9F59 /* Sotravel */ = {
			isa = PBXGroup;
			children = (
				18DEC57C29B9A28800B3228A /* Extensions */,
				18DEC57B29B9A1F400B3228A /* Info.plist */,
				1866DE6B29B993FA005D9F59 /* Views */,
				1866DE5D29B993E3005D9F59 /* SotravelApp.swift */,
				1866DE5F29B993E3005D9F59 /* ContentView.swift */,
				1866DE6129B993E5005D9F59 /* Assets.xcassets */,
				1866DE6329B993E5005D9F59 /* Preview Content */,
			);
			path = Sotravel;
			sourceTree = "<group>";
		};
		1866DE6329B993E5005D9F59 /* Preview Content */ = {
			isa = PBXGroup;
			children = (
				1866DE6429B993E5005D9F59 /* Preview Assets.xcassets */,
			);
			path = "Preview Content";
			sourceTree = "<group>";
		};
		1866DE6B29B993FA005D9F59 /* Views */ = {
			isa = PBXGroup;
			children = (
				AC32F96329BA2DEE0005F5B9 /* ProfilePageView */,
				AC32F95E29BA2A870005F5B9 /* ChatPageView */,
				AC32F95729BA05B40005F5B9 /* InvitePageView */,
				AC32F95629BA05A50005F5B9 /* MapPageView */,
				AC32F95529BA058F0005F5B9 /* General */,
				AC32F95429BA05810005F5B9 /* LoginView */,
			);
			path = Views;
			sourceTree = "<group>";
		};
		18DEC57C29B9A28800B3228A /* Extensions */ = {
			isa = PBXGroup;
			children = (
				18DEC57329B9A18500B3228A /* Manrope-Bold.ttf */,
				18DEC57629B9A18500B3228A /* Manrope-Medium.ttf */,
				18DEC57529B9A18500B3228A /* Manrope-Regular.ttf */,
				18DEC57429B9A18500B3228A /* Manrope-SemiBold.ttf */,
				18DEC57D29B9A29700B3228A /* Font.swift */,
				18DEC57F29B9A3D600B3228A /* Color.swift */,
				18A1AC5529BB12940064CF37 /* Calendar.swift */,
				18A1AC5729BB12B90064CF37 /* Date.swift */,
				18A1AC5929BB12CB0064CF37 /* DateFormatter.swift */,
			);
			path = Extensions;
			sourceTree = "<group>";
		};
		AC32F95429BA05810005F5B9 /* LoginView */ = {
			isa = PBXGroup;
			children = (
				18F72A3729B997F40084B94A /* LoginView.swift */,
			);
			path = LoginView;
			sourceTree = "<group>";
		};
		AC32F95529BA058F0005F5B9 /* General */ = {
			isa = PBXGroup;
			children = (
				AC32F94E29B9F3400005F5B9 /* ColoredDividerView.swift */,
			);
			path = General;
			sourceTree = "<group>";
		};
		AC32F95629BA05A50005F5B9 /* MapPageView */ = {
			isa = PBXGroup;
			children = (
				AC32F94829B9EB8C0005F5B9 /* MapView.swift */,
				AC32F96C29BA3DBB0005F5B9 /* MapPageView.swift */,
			);
			path = MapPageView;
			sourceTree = "<group>";
		};
		AC32F95729BA05B40005F5B9 /* InvitePageView */ = {
			isa = PBXGroup;
			children = (
				AC32F95229BA02700005F5B9 /* CalendarView.swift */,
				AC32F95A29BA11B20005F5B9 /* EventView.swift */,
				AC32F95C29BA1A260005F5B9 /* InvitePageView.swift */,
				18A1AC5329BB121A0064CF37 /* DateCellView.swift */,
			);
			path = InvitePageView;
			sourceTree = "<group>";
		};
		AC32F95E29BA2A870005F5B9 /* ChatPageView */ = {
			isa = PBXGroup;
			children = (
				AC32F95F29BA2A930005F5B9 /* ChatPageView.swift */,
				AC32F96129BA2AD90005F5B9 /* MessageView.swift */,
			);
			path = ChatPageView;
			sourceTree = "<group>";
		};
		AC32F96329BA2DEE0005F5B9 /* ProfilePageView */ = {
			isa = PBXGroup;
			children = (
				AC32F96429BA33440005F5B9 /* ProfileHeaderView.swift */,
				AC32F96A29BA38CE0005F5B9 /* ProfilePageView.swift */,
				AC75222629BCBD0A00E7C6E7 /* ProfileTextView.swift */,
				AC75222829BCBF8100E7C6E7 /* FriendsView.swift */,
				AC75222A29BCBF8B00E7C6E7 /* FriendsCellView.swift */,
			);
			path = ProfilePageView;
			sourceTree = "<group>";
		};
/* End PBXGroup section */

/* Begin PBXNativeTarget section */
		1866DE5929B993E3005D9F59 /* Sotravel */ = {
			isa = PBXNativeTarget;
			buildConfigurationList = 1866DE6829B993E5005D9F59 /* Build configuration list for PBXNativeTarget "Sotravel" */;
			buildPhases = (
				1866DE5629B993E3005D9F59 /* Sources */,
				1866DE5729B993E3005D9F59 /* Frameworks */,
				1866DE5829B993E3005D9F59 /* Resources */,
				AC32F94729B9DA720005F5B9 /* ShellScript */,
			);
			buildRules = (
			);
			dependencies = (
			);
			name = Sotravel;
			productName = Sotravel;
			productReference = 1866DE5A29B993E3005D9F59 /* Sotravel.app */;
			productType = "com.apple.product-type.application";
		};
/* End PBXNativeTarget section */

/* Begin PBXProject section */
		1866DE5229B993E3005D9F59 /* Project object */ = {
			isa = PBXProject;
			attributes = {
				BuildIndependentTargetsInParallel = 1;
				LastSwiftUpdateCheck = 1420;
				LastUpgradeCheck = 1420;
				TargetAttributes = {
					1866DE5929B993E3005D9F59 = {
						CreatedOnToolsVersion = 14.2;
					};
				};
			};
			buildConfigurationList = 1866DE5529B993E3005D9F59 /* Build configuration list for PBXProject "Sotravel" */;
			compatibilityVersion = "Xcode 14.0";
			developmentRegion = en;
			hasScannedForEncodings = 0;
			knownRegions = (
				en,
				Base,
			);
			mainGroup = 1866DE5129B993E3005D9F59;
			productRefGroup = 1866DE5B29B993E3005D9F59 /* Products */;
			projectDirPath = "";
			projectRoot = "";
			targets = (
				1866DE5929B993E3005D9F59 /* Sotravel */,
			);
		};
/* End PBXProject section */

/* Begin PBXResourcesBuildPhase section */
		1866DE5829B993E3005D9F59 /* Resources */ = {
			isa = PBXResourcesBuildPhase;
			buildActionMask = 2147483647;
			files = (
				18DEC57A29B9A18500B3228A /* Manrope-Medium.ttf in Resources */,
				1866DE6529B993E5005D9F59 /* Preview Assets.xcassets in Resources */,
				18DEC57929B9A18500B3228A /* Manrope-Regular.ttf in Resources */,
				18DEC57729B9A18500B3228A /* Manrope-Bold.ttf in Resources */,
				18DEC57829B9A18500B3228A /* Manrope-SemiBold.ttf in Resources */,
				1866DE6229B993E5005D9F59 /* Assets.xcassets in Resources */,
			);
			runOnlyForDeploymentPostprocessing = 0;
		};
/* End PBXResourcesBuildPhase section */

/* Begin PBXShellScriptBuildPhase section */
		AC32F94729B9DA720005F5B9 /* ShellScript */ = {
			isa = PBXShellScriptBuildPhase;
			buildActionMask = 2147483647;
			files = (
			);
			inputFileListPaths = (
			);
			inputPaths = (
			);
			outputFileListPaths = (
			);
			outputPaths = (
			);
			runOnlyForDeploymentPostprocessing = 0;
			shellPath = /bin/sh;
			shellScript = "export PATH=\"$PATH:/opt/homebrew/bin\"\nif which swiftlint >/dev/null; then\n    swiftlint\nelse\n    echo \"warning: SwiiftLint not installed, download from https://github.com/realm/SwiftLint\"\nfi\n";
		};
/* End PBXShellScriptBuildPhase section */

/* Begin PBXSourcesBuildPhase section */
		1866DE5629B993E3005D9F59 /* Sources */ = {
			isa = PBXSourcesBuildPhase;
			buildActionMask = 2147483647;
			files = (
				18DEC57E29B9A29700B3228A /* Font.swift in Sources */,
				AC75222729BCBD0A00E7C6E7 /* ProfileTextView.swift in Sources */,
				AC32F95B29BA11B20005F5B9 /* EventView.swift in Sources */,
				AC32F96029BA2A930005F5B9 /* ChatPageView.swift in Sources */,
				AC32F96529BA33440005F5B9 /* ProfileHeaderView.swift in Sources */,
				18A1AC5A29BB12CB0064CF37 /* DateFormatter.swift in Sources */,
				AC75222929BCBF8100E7C6E7 /* FriendsView.swift in Sources */,
				AC32F96D29BA3DBB0005F5B9 /* MapPageView.swift in Sources */,
				AC32F94929B9EB8C0005F5B9 /* MapView.swift in Sources */,
				18F72A3829B997F40084B94A /* LoginView.swift in Sources */,
				AC32F95329BA02700005F5B9 /* CalendarView.swift in Sources */,
				AC32F96229BA2AD90005F5B9 /* MessageView.swift in Sources */,
				18A1AC5629BB12940064CF37 /* Calendar.swift in Sources */,
				AC32F95D29BA1A260005F5B9 /* InvitePageView.swift in Sources */,
				18A1AC5429BB121A0064CF37 /* DateCellView.swift in Sources */,
				1866DE6029B993E3005D9F59 /* ContentView.swift in Sources */,
				18DEC58029B9A3D600B3228A /* Color.swift in Sources */,
				AC32F96B29BA38CE0005F5B9 /* ProfilePageView.swift in Sources */,
				18A1AC5829BB12B90064CF37 /* Date.swift in Sources */,
				1866DE5E29B993E3005D9F59 /* SotravelApp.swift in Sources */,
				AC75222B29BCBF8B00E7C6E7 /* FriendsCellView.swift in Sources */,
				AC32F94F29B9F3400005F5B9 /* ColoredDividerView.swift in Sources */,
			);
			runOnlyForDeploymentPostprocessing = 0;
		};
/* End PBXSourcesBuildPhase section */

/* Begin XCBuildConfiguration section */
		1866DE6629B993E5005D9F59 /* Debug */ = {
			isa = XCBuildConfiguration;
			buildSettings = {
				ALWAYS_SEARCH_USER_PATHS = NO;
				CLANG_ANALYZER_NONNULL = YES;
				CLANG_ANALYZER_NUMBER_OBJECT_CONVERSION = YES_AGGRESSIVE;
				CLANG_CXX_LANGUAGE_STANDARD = "gnu++20";
				CLANG_ENABLE_MODULES = YES;
				CLANG_ENABLE_OBJC_ARC = YES;
				CLANG_ENABLE_OBJC_WEAK = YES;
				CLANG_WARN_BLOCK_CAPTURE_AUTORELEASING = YES;
				CLANG_WARN_BOOL_CONVERSION = YES;
				CLANG_WARN_COMMA = YES;
				CLANG_WARN_CONSTANT_CONVERSION = YES;
				CLANG_WARN_DEPRECATED_OBJC_IMPLEMENTATIONS = YES;
				CLANG_WARN_DIRECT_OBJC_ISA_USAGE = YES_ERROR;
				CLANG_WARN_DOCUMENTATION_COMMENTS = YES;
				CLANG_WARN_EMPTY_BODY = YES;
				CLANG_WARN_ENUM_CONVERSION = YES;
				CLANG_WARN_INFINITE_RECURSION = YES;
				CLANG_WARN_INT_CONVERSION = YES;
				CLANG_WARN_NON_LITERAL_NULL_CONVERSION = YES;
				CLANG_WARN_OBJC_IMPLICIT_RETAIN_SELF = YES;
				CLANG_WARN_OBJC_LITERAL_CONVERSION = YES;
				CLANG_WARN_OBJC_ROOT_CLASS = YES_ERROR;
				CLANG_WARN_QUOTED_INCLUDE_IN_FRAMEWORK_HEADER = YES;
				CLANG_WARN_RANGE_LOOP_ANALYSIS = YES;
				CLANG_WARN_STRICT_PROTOTYPES = YES;
				CLANG_WARN_SUSPICIOUS_MOVE = YES;
				CLANG_WARN_UNGUARDED_AVAILABILITY = YES_AGGRESSIVE;
				CLANG_WARN_UNREACHABLE_CODE = YES;
				CLANG_WARN__DUPLICATE_METHOD_MATCH = YES;
				COPY_PHASE_STRIP = NO;
				DEBUG_INFORMATION_FORMAT = dwarf;
				ENABLE_STRICT_OBJC_MSGSEND = YES;
				ENABLE_TESTABILITY = YES;
				GCC_C_LANGUAGE_STANDARD = gnu11;
				GCC_DYNAMIC_NO_PIC = NO;
				GCC_NO_COMMON_BLOCKS = YES;
				GCC_OPTIMIZATION_LEVEL = 0;
				GCC_PREPROCESSOR_DEFINITIONS = (
					"DEBUG=1",
					"$(inherited)",
				);
				GCC_WARN_64_TO_32_BIT_CONVERSION = YES;
				GCC_WARN_ABOUT_RETURN_TYPE = YES_ERROR;
				GCC_WARN_UNDECLARED_SELECTOR = YES;
				GCC_WARN_UNINITIALIZED_AUTOS = YES_AGGRESSIVE;
				GCC_WARN_UNUSED_FUNCTION = YES;
				GCC_WARN_UNUSED_VARIABLE = YES;
				IPHONEOS_DEPLOYMENT_TARGET = 16.2;
				MTL_ENABLE_DEBUG_INFO = INCLUDE_SOURCE;
				MTL_FAST_MATH = YES;
				ONLY_ACTIVE_ARCH = YES;
				SDKROOT = iphoneos;
				SWIFT_ACTIVE_COMPILATION_CONDITIONS = DEBUG;
				SWIFT_OPTIMIZATION_LEVEL = "-Onone";
			};
			name = Debug;
		};
		1866DE6729B993E5005D9F59 /* Release */ = {
			isa = XCBuildConfiguration;
			buildSettings = {
				ALWAYS_SEARCH_USER_PATHS = NO;
				CLANG_ANALYZER_NONNULL = YES;
				CLANG_ANALYZER_NUMBER_OBJECT_CONVERSION = YES_AGGRESSIVE;
				CLANG_CXX_LANGUAGE_STANDARD = "gnu++20";
				CLANG_ENABLE_MODULES = YES;
				CLANG_ENABLE_OBJC_ARC = YES;
				CLANG_ENABLE_OBJC_WEAK = YES;
				CLANG_WARN_BLOCK_CAPTURE_AUTORELEASING = YES;
				CLANG_WARN_BOOL_CONVERSION = YES;
				CLANG_WARN_COMMA = YES;
				CLANG_WARN_CONSTANT_CONVERSION = YES;
				CLANG_WARN_DEPRECATED_OBJC_IMPLEMENTATIONS = YES;
				CLANG_WARN_DIRECT_OBJC_ISA_USAGE = YES_ERROR;
				CLANG_WARN_DOCUMENTATION_COMMENTS = YES;
				CLANG_WARN_EMPTY_BODY = YES;
				CLANG_WARN_ENUM_CONVERSION = YES;
				CLANG_WARN_INFINITE_RECURSION = YES;
				CLANG_WARN_INT_CONVERSION = YES;
				CLANG_WARN_NON_LITERAL_NULL_CONVERSION = YES;
				CLANG_WARN_OBJC_IMPLICIT_RETAIN_SELF = YES;
				CLANG_WARN_OBJC_LITERAL_CONVERSION = YES;
				CLANG_WARN_OBJC_ROOT_CLASS = YES_ERROR;
				CLANG_WARN_QUOTED_INCLUDE_IN_FRAMEWORK_HEADER = YES;
				CLANG_WARN_RANGE_LOOP_ANALYSIS = YES;
				CLANG_WARN_STRICT_PROTOTYPES = YES;
				CLANG_WARN_SUSPICIOUS_MOVE = YES;
				CLANG_WARN_UNGUARDED_AVAILABILITY = YES_AGGRESSIVE;
				CLANG_WARN_UNREACHABLE_CODE = YES;
				CLANG_WARN__DUPLICATE_METHOD_MATCH = YES;
				COPY_PHASE_STRIP = NO;
				DEBUG_INFORMATION_FORMAT = "dwarf-with-dsym";
				ENABLE_NS_ASSERTIONS = NO;
				ENABLE_STRICT_OBJC_MSGSEND = YES;
				GCC_C_LANGUAGE_STANDARD = gnu11;
				GCC_NO_COMMON_BLOCKS = YES;
				GCC_WARN_64_TO_32_BIT_CONVERSION = YES;
				GCC_WARN_ABOUT_RETURN_TYPE = YES_ERROR;
				GCC_WARN_UNDECLARED_SELECTOR = YES;
				GCC_WARN_UNINITIALIZED_AUTOS = YES_AGGRESSIVE;
				GCC_WARN_UNUSED_FUNCTION = YES;
				GCC_WARN_UNUSED_VARIABLE = YES;
				IPHONEOS_DEPLOYMENT_TARGET = 16.2;
				MTL_ENABLE_DEBUG_INFO = NO;
				MTL_FAST_MATH = YES;
				SDKROOT = iphoneos;
				SWIFT_COMPILATION_MODE = wholemodule;
				SWIFT_OPTIMIZATION_LEVEL = "-O";
				VALIDATE_PRODUCT = YES;
			};
			name = Release;
		};
		1866DE6929B993E5005D9F59 /* Debug */ = {
			isa = XCBuildConfiguration;
			buildSettings = {
				ASSETCATALOG_COMPILER_APPICON_NAME = AppIcon;
				ASSETCATALOG_COMPILER_GLOBAL_ACCENT_COLOR_NAME = AccentColor;
				CODE_SIGN_STYLE = Automatic;
				CURRENT_PROJECT_VERSION = 1;
				DEVELOPMENT_ASSET_PATHS = "\"Sotravel/Preview Content\"";
				DEVELOPMENT_TEAM = 2BCB7ZXRT9;
				ENABLE_PREVIEWS = YES;
				GENERATE_INFOPLIST_FILE = YES;
				INFOPLIST_FILE = Sotravel/Info.plist;
				INFOPLIST_KEY_UIApplicationSceneManifest_Generation = YES;
				INFOPLIST_KEY_UIApplicationSupportsIndirectInputEvents = YES;
				INFOPLIST_KEY_UILaunchScreen_Generation = YES;
				INFOPLIST_KEY_UISupportedInterfaceOrientations_iPad = "UIInterfaceOrientationPortrait UIInterfaceOrientationPortraitUpsideDown UIInterfaceOrientationLandscapeLeft UIInterfaceOrientationLandscapeRight";
				INFOPLIST_KEY_UISupportedInterfaceOrientations_iPhone = "UIInterfaceOrientationPortrait UIInterfaceOrientationLandscapeLeft UIInterfaceOrientationLandscapeRight";
				LD_RUNPATH_SEARCH_PATHS = (
					"$(inherited)",
					"@executable_path/Frameworks",
				);
				MARKETING_VERSION = 1.0;
				PRODUCT_BUNDLE_IDENTIFIER = com.example.Sotravel;
				PRODUCT_NAME = "$(TARGET_NAME)";
				SWIFT_EMIT_LOC_STRINGS = YES;
				SWIFT_VERSION = 5.0;
				TARGETED_DEVICE_FAMILY = "1,2";
			};
			name = Debug;
		};
		1866DE6A29B993E5005D9F59 /* Release */ = {
			isa = XCBuildConfiguration;
			buildSettings = {
				ASSETCATALOG_COMPILER_APPICON_NAME = AppIcon;
				ASSETCATALOG_COMPILER_GLOBAL_ACCENT_COLOR_NAME = AccentColor;
				CODE_SIGN_STYLE = Automatic;
				CURRENT_PROJECT_VERSION = 1;
				DEVELOPMENT_ASSET_PATHS = "\"Sotravel/Preview Content\"";
				DEVELOPMENT_TEAM = 2BCB7ZXRT9;
				ENABLE_PREVIEWS = YES;
				GENERATE_INFOPLIST_FILE = YES;
				INFOPLIST_FILE = Sotravel/Info.plist;
				INFOPLIST_KEY_UIApplicationSceneManifest_Generation = YES;
				INFOPLIST_KEY_UIApplicationSupportsIndirectInputEvents = YES;
				INFOPLIST_KEY_UILaunchScreen_Generation = YES;
				INFOPLIST_KEY_UISupportedInterfaceOrientations_iPad = "UIInterfaceOrientationPortrait UIInterfaceOrientationPortraitUpsideDown UIInterfaceOrientationLandscapeLeft UIInterfaceOrientationLandscapeRight";
				INFOPLIST_KEY_UISupportedInterfaceOrientations_iPhone = "UIInterfaceOrientationPortrait UIInterfaceOrientationLandscapeLeft UIInterfaceOrientationLandscapeRight";
				LD_RUNPATH_SEARCH_PATHS = (
					"$(inherited)",
					"@executable_path/Frameworks",
				);
				MARKETING_VERSION = 1.0;
				PRODUCT_BUNDLE_IDENTIFIER = com.example.Sotravel;
				PRODUCT_NAME = "$(TARGET_NAME)";
				SWIFT_EMIT_LOC_STRINGS = YES;
				SWIFT_VERSION = 5.0;
				TARGETED_DEVICE_FAMILY = "1,2";
			};
			name = Release;
		};
/* End XCBuildConfiguration section */

/* Begin XCConfigurationList section */
		1866DE5529B993E3005D9F59 /* Build configuration list for PBXProject "Sotravel" */ = {
			isa = XCConfigurationList;
			buildConfigurations = (
				1866DE6629B993E5005D9F59 /* Debug */,
				1866DE6729B993E5005D9F59 /* Release */,
			);
			defaultConfigurationIsVisible = 0;
			defaultConfigurationName = Release;
		};
		1866DE6829B993E5005D9F59 /* Build configuration list for PBXNativeTarget "Sotravel" */ = {
			isa = XCConfigurationList;
			buildConfigurations = (
				1866DE6929B993E5005D9F59 /* Debug */,
				1866DE6A29B993E5005D9F59 /* Release */,
			);
			defaultConfigurationIsVisible = 0;
			defaultConfigurationName = Release;
		};
/* End XCConfigurationList section */
	};
	rootObject = 1866DE5229B993E3005D9F59 /* Project object */;
}
